// !$*UTF8*$!
{
	archiveVersion = 1;
	classes = {
	};
	objectVersion = 46;
	objects = {

/* Begin PBXBuildFile section */
		D3E11AAF1E5376B100BDCA2C /* AppDelegate.swift in Sources */ = {isa = PBXBuildFile; fileRef = D3E11AAE1E5376B100BDCA2C /* AppDelegate.swift */; };
		D3E11AB11E5376B100BDCA2C /* ViewController.swift in Sources */ = {isa = PBXBuildFile; fileRef = D3E11AB01E5376B100BDCA2C /* ViewController.swift */; };
		D3E11AB41E5376B100BDCA2C /* Main.storyboard in Resources */ = {isa = PBXBuildFile; fileRef = D3E11AB21E5376B100BDCA2C /* Main.storyboard */; };
		D3E11AB61E5376B100BDCA2C /* Assets.xcassets in Resources */ = {isa = PBXBuildFile; fileRef = D3E11AB51E5376B100BDCA2C /* Assets.xcassets */; };
		D3E11AB91E5376B100BDCA2C /* LaunchScreen.storyboard in Resources */ = {isa = PBXBuildFile; fileRef = D3E11AB71E5376B100BDCA2C /* LaunchScreen.storyboard */; };
		D3E11AC41E5376B100BDCA2C /* Lesson08Lab02Tests.swift in Sources */ = {isa = PBXBuildFile; fileRef = D3E11AC31E5376B100BDCA2C /* Lesson08Lab02Tests.swift */; };
		D3E11ACF1E5376B100BDCA2C /* Lesson08Lab02UITests.swift in Sources */ = {isa = PBXBuildFile; fileRef = D3E11ACE1E5376B100BDCA2C /* Lesson08Lab02UITests.swift */; };
/* End PBXBuildFile section */

/* Begin PBXContainerItemProxy section */
		D3E11AC01E5376B100BDCA2C /* PBXContainerItemProxy */ = {
			isa = PBXContainerItemProxy;
			containerPortal = D3E11AA31E5376B100BDCA2C /* Project object */;
			proxyType = 1;
			remoteGlobalIDString = D3E11AAA1E5376B100BDCA2C;
			remoteInfo = Lesson08Lab02;
		};
		D3E11ACB1E5376B100BDCA2C /* PBXContainerItemProxy */ = {
			isa = PBXContainerItemProxy;
			containerPortal = D3E11AA31E5376B100BDCA2C /* Project object */;
			proxyType = 1;
			remoteGlobalIDString = D3E11AAA1E5376B100BDCA2C;
			remoteInfo = Lesson08Lab02;
		};
/* End PBXContainerItemProxy section */

/* Begin PBXFileReference section */
		D3E11AAB1E5376B100BDCA2C /* Lesson08Lab02.app */ = {isa = PBXFileReference; explicitFileType = wrapper.application; includeInIndex = 0; path = Lesson08Lab02.app; sourceTree = BUILT_PRODUCTS_DIR; };
		D3E11AAE1E5376B100BDCA2C /* AppDelegate.swift */ = {isa = PBXFileReference; lastKnownFileType = sourcecode.swift; path = AppDelegate.swift; sourceTree = "<group>"; };
		D3E11AB01E5376B100BDCA2C /* ViewController.swift */ = {isa = PBXFileReference; lastKnownFileType = sourcecode.swift; path = ViewController.swift; sourceTree = "<group>"; };
		D3E11AB31E5376B100BDCA2C /* Base */ = {isa = PBXFileReference; lastKnownFileType = file.storyboard; name = Base; path = Base.lproj/Main.storyboard; sourceTree = "<group>"; };
		D3E11AB51E5376B100BDCA2C /* Assets.xcassets */ = {isa = PBXFileReference; lastKnownFileType = folder.assetcatalog; path = Assets.xcassets; sourceTree = "<group>"; };
		D3E11AB81E5376B100BDCA2C /* Base */ = {isa = PBXFileReference; lastKnownFileType = file.storyboard; name = Base; path = Base.lproj/LaunchScreen.storyboard; sourceTree = "<group>"; };
		D3E11ABA1E5376B100BDCA2C /* Info.plist */ = {isa = PBXFileReference; lastKnownFileType = text.plist.xml; path = Info.plist; sourceTree = "<group>"; };
		D3E11ABF1E5376B100BDCA2C /* Lesson08Lab02Tests.xctest */ = {isa = PBXFileReference; explicitFileType = wrapper.cfbundle; includeInIndex = 0; path = Lesson08Lab02Tests.xctest; sourceTree = BUILT_PRODUCTS_DIR; };
		D3E11AC31E5376B100BDCA2C /* Lesson08Lab02Tests.swift */ = {isa = PBXFileReference; lastKnownFileType = sourcecode.swift; path = Lesson08Lab02Tests.swift; sourceTree = "<group>"; };
		D3E11AC51E5376B100BDCA2C /* Info.plist */ = {isa = PBXFileReference; lastKnownFileType = text.plist.xml; path = Info.plist; sourceTree = "<group>"; };
		D3E11ACA1E5376B100BDCA2C /* Lesson08Lab02UITests.xctest */ = {isa = PBXFileReference; explicitFileType = wrapper.cfbundle; includeInIndex = 0; path = Lesson08Lab02UITests.xctest; sourceTree = BUILT_PRODUCTS_DIR; };
		D3E11ACE1E5376B100BDCA2C /* Lesson08Lab02UITests.swift */ = {isa = PBXFileReference; lastKnownFileType = sourcecode.swift; path = Lesson08Lab02UITests.swift; sourceTree = "<group>"; };
		D3E11AD01E5376B100BDCA2C /* Info.plist */ = {isa = PBXFileReference; lastKnownFileType = text.plist.xml; path = Info.plist; sourceTree = "<group>"; };
/* End PBXFileReference section */

/* Begin PBXFrameworksBuildPhase section */
		D3E11AA81E5376B100BDCA2C /* Frameworks */ = {
			isa = PBXFrameworksBuildPhase;
			buildActionMask = 2147483647;
			files = (
			);
			runOnlyForDeploymentPostprocessing = 0;
		};
		D3E11ABC1E5376B100BDCA2C /* Frameworks */ = {
			isa = PBXFrameworksBuildPhase;
			buildActionMask = 2147483647;
			files = (
			);
			runOnlyForDeploymentPostprocessing = 0;
		};
		D3E11AC71E5376B100BDCA2C /* Frameworks */ = {
			isa = PBXFrameworksBuildPhase;
			buildActionMask = 2147483647;
			files = (
			);
			runOnlyForDeploymentPostprocessing = 0;
		};
/* End PBXFrameworksBuildPhase section */

/* Begin PBXGroup section */
		D3E11AA21E5376B100BDCA2C = {
			isa = PBXGroup;
			children = (
				D3E11AAD1E5376B100BDCA2C /* Lesson08Lab02 */,
				D3E11AC21E5376B100BDCA2C /* Lesson08Lab02Tests */,
				D3E11ACD1E5376B100BDCA2C /* Lesson08Lab02UITests */,
				D3E11AAC1E5376B100BDCA2C /* Products */,
			);
			sourceTree = "<group>";
		};
		D3E11AAC1E5376B100BDCA2C /* Products */ = {
			isa = PBXGroup;
			children = (
				D3E11AAB1E5376B100BDCA2C /* Lesson08Lab02.app */,
				D3E11ABF1E5376B100BDCA2C /* Lesson08Lab02Tests.xctest */,
				D3E11ACA1E5376B100BDCA2C /* Lesson08Lab02UITests.xctest */,
			);
			name = Products;
			sourceTree = "<group>";
		};
		D3E11AAD1E5376B100BDCA2C /* Lesson08Lab02 */ = {
			isa = PBXGroup;
			children = (
				D3E11AAE1E5376B100BDCA2C /* AppDelegate.swift */,
				D3E11AB01E5376B100BDCA2C /* ViewController.swift */,
				D3E11AB21E5376B100BDCA2C /* Main.storyboard */,
				D3E11AB51E5376B100BDCA2C /* Assets.xcassets */,
				D3E11AB71E5376B100BDCA2C /* LaunchScreen.storyboard */,
				D3E11ABA1E5376B100BDCA2C /* Info.plist */,
			);
			path = Lesson08Lab02;
			sourceTree = "<group>";
		};
		D3E11AC21E5376B100BDCA2C /* Lesson08Lab02Tests */ = {
			isa = PBXGroup;
			children = (
				D3E11AC31E5376B100BDCA2C /* Lesson08Lab02Tests.swift */,
				D3E11AC51E5376B100BDCA2C /* Info.plist */,
			);
			path = Lesson08Lab02Tests;
			sourceTree = "<group>";
		};
		D3E11ACD1E5376B100BDCA2C /* Lesson08Lab02UITests */ = {
			isa = PBXGroup;
			children = (
				D3E11ACE1E5376B100BDCA2C /* Lesson08Lab02UITests.swift */,
				D3E11AD01E5376B100BDCA2C /* Info.plist */,
			);
			path = Lesson08Lab02UITests;
			sourceTree = "<group>";
		};
/* End PBXGroup section */

/* Begin PBXNativeTarget section */
		D3E11AAA1E5376B100BDCA2C /* Lesson08Lab02 */ = {
			isa = PBXNativeTarget;
			buildConfigurationList = D3E11AD31E5376B100BDCA2C /* Build configuration list for PBXNativeTarget "Lesson08Lab02" */;
			buildPhases = (
				D3E11AA71E5376B100BDCA2C /* Sources */,
				D3E11AA81E5376B100BDCA2C /* Frameworks */,
				D3E11AA91E5376B100BDCA2C /* Resources */,
			);
			buildRules = (
			);
			dependencies = (
			);
			name = Lesson08Lab02;
			productName = Lesson08Lab02;
			productReference = D3E11AAB1E5376B100BDCA2C /* Lesson08Lab02.app */;
			productType = "com.apple.product-type.application";
		};
		D3E11ABE1E5376B100BDCA2C /* Lesson08Lab02Tests */ = {
			isa = PBXNativeTarget;
			buildConfigurationList = D3E11AD61E5376B100BDCA2C /* Build configuration list for PBXNativeTarget "Lesson08Lab02Tests" */;
			buildPhases = (
				D3E11ABB1E5376B100BDCA2C /* Sources */,
				D3E11ABC1E5376B100BDCA2C /* Frameworks */,
				D3E11ABD1E5376B100BDCA2C /* Resources */,
			);
			buildRules = (
			);
			dependencies = (
				D3E11AC11E5376B100BDCA2C /* PBXTargetDependency */,
			);
			name = Lesson08Lab02Tests;
			productName = Lesson08Lab02Tests;
			productReference = D3E11ABF1E5376B100BDCA2C /* Lesson08Lab02Tests.xctest */;
			productType = "com.apple.product-type.bundle.unit-test";
		};
		D3E11AC91E5376B100BDCA2C /* Lesson08Lab02UITests */ = {
			isa = PBXNativeTarget;
			buildConfigurationList = D3E11AD91E5376B100BDCA2C /* Build configuration list for PBXNativeTarget "Lesson08Lab02UITests" */;
			buildPhases = (
				D3E11AC61E5376B100BDCA2C /* Sources */,
				D3E11AC71E5376B100BDCA2C /* Frameworks */,
				D3E11AC81E5376B100BDCA2C /* Resources */,
			);
			buildRules = (
			);
			dependencies = (
				D3E11ACC1E5376B100BDCA2C /* PBXTargetDependency */,
			);
			name = Lesson08Lab02UITests;
			productName = Lesson08Lab02UITests;
			productReference = D3E11ACA1E5376B100BDCA2C /* Lesson08Lab02UITests.xctest */;
			productType = "com.apple.product-type.bundle.ui-testing";
		};
/* End PBXNativeTarget section */

/* Begin PBXProject section */
		D3E11AA31E5376B100BDCA2C /* Project object */ = {
			isa = PBXProject;
			attributes = {
				LastSwiftUpdateCheck = 0820;
				LastUpgradeCheck = 0820;
				ORGANIZATIONNAME = bitstudent;
				TargetAttributes = {
					D3E11AAA1E5376B100BDCA2C = {
						CreatedOnToolsVersion = 8.2.1;
						ProvisioningStyle = Automatic;
					};
					D3E11ABE1E5376B100BDCA2C = {
						CreatedOnToolsVersion = 8.2.1;
						ProvisioningStyle = Automatic;
						TestTargetID = D3E11AAA1E5376B100BDCA2C;
					};
					D3E11AC91E5376B100BDCA2C = {
						CreatedOnToolsVersion = 8.2.1;
						ProvisioningStyle = Automatic;
						TestTargetID = D3E11AAA1E5376B100BDCA2C;
					};
				};
			};
			buildConfigurationList = D3E11AA61E5376B100BDCA2C /* Build configuration list for PBXProject "Lesson08Lab02" */;
			compatibilityVersion = "Xcode 3.2";
			developmentRegion = English;
			hasScannedForEncodings = 0;
			knownRegions = (
				en,
				Base,
			);
			mainGroup = D3E11AA21E5376B100BDCA2C;
			productRefGroup = D3E11AAC1E5376B100BDCA2C /* Products */;
			projectDirPath = "";
			projectRoot = "";
			targets = (
				D3E11AAA1E5376B100BDCA2C /* Lesson08Lab02 */,
				D3E11ABE1E5376B100BDCA2C /* Lesson08Lab02Tests */,
				D3E11AC91E5376B100BDCA2C /* Lesson08Lab02UITests */,
			);
		};
/* End PBXProject section */

/* Begin PBXResourcesBuildPhase section */
		D3E11AA91E5376B100BDCA2C /* Resources */ = {
			isa = PBXResourcesBuildPhase;
			buildActionMask = 2147483647;
			files = (
				D3E11AB91E5376B100BDCA2C /* LaunchScreen.storyboard in Resources */,
				D3E11AB61E5376B100BDCA2C /* Assets.xcassets in Resources */,
				D3E11AB41E5376B100BDCA2C /* Main.storyboard in Resources */,
			);
			runOnlyForDeploymentPostprocessing = 0;
		};
		D3E11ABD1E5376B100BDCA2C /* Resources */ = {
			isa = PBXResourcesBuildPhase;
			buildActionMask = 2147483647;
			files = (
			);
			runOnlyForDeploymentPostprocessing = 0;
		};
		D3E11AC81E5376B100BDCA2C /* Resources */ = {
			isa = PBXResourcesBuildPhase;
			buildActionMask = 2147483647;
			files = (
			);
			runOnlyForDeploymentPostprocessing = 0;
		};
/* End PBXResourcesBuildPhase section */

/* Begin PBXSourcesBuildPhase section */
		D3E11AA71E5376B100BDCA2C /* Sources */ = {
			isa = PBXSourcesBuildPhase;
			buildActionMask = 2147483647;
			files = (
				D3E11AB11E5376B100BDCA2C /* ViewController.swift in Sources */,
				D3E11AAF1E5376B100BDCA2C /* AppDelegate.swift in Sources */,
			);
			runOnlyForDeploymentPostprocessing = 0;
		};
		D3E11ABB1E5376B100BDCA2C /* Sources */ = {
			isa = PBXSourcesBuildPhase;
			buildActionMask = 2147483647;
			files = (
				D3E11AC41E5376B100BDCA2C /* Lesson08Lab02Tests.swift in Sources */,
			);
			runOnlyForDeploymentPostprocessing = 0;
		};
		D3E11AC61E5376B100BDCA2C /* Sources */ = {
			isa = PBXSourcesBuildPhase;
			buildActionMask = 2147483647;
			files = (
				D3E11ACF1E5376B100BDCA2C /* Lesson08Lab02UITests.swift in Sources */,
			);
			runOnlyForDeploymentPostprocessing = 0;
		};
/* End PBXSourcesBuildPhase section */

/* Begin PBXTargetDependency section */
		D3E11AC11E5376B100BDCA2C /* PBXTargetDependency */ = {
			isa = PBXTargetDependency;
			target = D3E11AAA1E5376B100BDCA2C /* Lesson08Lab02 */;
			targetProxy = D3E11AC01E5376B100BDCA2C /* PBXContainerItemProxy */;
		};
		D3E11ACC1E5376B100BDCA2C /* PBXTargetDependency */ = {
			isa = PBXTargetDependency;
			target = D3E11AAA1E5376B100BDCA2C /* Lesson08Lab02 */;
			targetProxy = D3E11ACB1E5376B100BDCA2C /* PBXContainerItemProxy */;
		};
/* End PBXTargetDependency section */

/* Begin PBXVariantGroup section */
		D3E11AB21E5376B100BDCA2C /* Main.storyboard */ = {
			isa = PBXVariantGroup;
			children = (
				D3E11AB31E5376B100BDCA2C /* Base */,
			);
			name = Main.storyboard;
			sourceTree = "<group>";
		};
		D3E11AB71E5376B100BDCA2C /* LaunchScreen.storyboard */ = {
			isa = PBXVariantGroup;
			children = (
				D3E11AB81E5376B100BDCA2C /* Base */,
			);
			name = LaunchScreen.storyboard;
			sourceTree = "<group>";
		};
/* End PBXVariantGroup section */

/* Begin XCBuildConfiguration section */
		D3E11AD11E5376B100BDCA2C /* Debug */ = {
			isa = XCBuildConfiguration;
			buildSettings = {
				ALWAYS_SEARCH_USER_PATHS = NO;
				CLANG_ANALYZER_NONNULL = YES;
				CLANG_CXX_LANGUAGE_STANDARD = "gnu++0x";
				CLANG_CXX_LIBRARY = "libc++";
				CLANG_ENABLE_MODULES = YES;
				CLANG_ENABLE_OBJC_ARC = YES;
				CLANG_WARN_BOOL_CONVERSION = YES;
				CLANG_WARN_CONSTANT_CONVERSION = YES;
				CLANG_WARN_DIRECT_OBJC_ISA_USAGE = YES_ERROR;
				CLANG_WARN_DOCUMENTATION_COMMENTS = YES;
				CLANG_WARN_EMPTY_BODY = YES;
				CLANG_WARN_ENUM_CONVERSION = YES;
				CLANG_WARN_INFINITE_RECURSION = YES;
				CLANG_WARN_INT_CONVERSION = YES;
				CLANG_WARN_OBJC_ROOT_CLASS = YES_ERROR;
				CLANG_WARN_SUSPICIOUS_MOVE = YES;
				CLANG_WARN_UNREACHABLE_CODE = YES;
				CLANG_WARN__DUPLICATE_METHOD_MATCH = YES;
				"CODE_SIGN_IDENTITY[sdk=iphoneos*]" = "iPhone Developer";
				COPY_PHASE_STRIP = NO;
				DEBUG_INFORMATION_FORMAT = dwarf;
				ENABLE_STRICT_OBJC_MSGSEND = YES;
				ENABLE_TESTABILITY = YES;
				GCC_C_LANGUAGE_STANDARD = gnu99;
				GCC_DYNAMIC_NO_PIC = NO;
				GCC_NO_COMMON_BLOCKS = YES;
				GCC_OPTIMIZATION_LEVEL = 0;
				GCC_PREPROCESSOR_DEFINITIONS = (
					"DEBUG=1",
					"$(inherited)",
				);
				GCC_WARN_64_TO_32_BIT_CONVERSION = YES;
				GCC_WARN_ABOUT_RETURN_TYPE = YES_ERROR;
				GCC_WARN_UNDECLARED_SELECTOR = YES;
				GCC_WARN_UNINITIALIZED_AUTOS = YES_AGGRESSIVE;
				GCC_WARN_UNUSED_FUNCTION = YES;
				GCC_WARN_UNUSED_VARIABLE = YES;
				IPHONEOS_DEPLOYMENT_TARGET = 10.2;
				MTL_ENABLE_DEBUG_INFO = YES;
				ONLY_ACTIVE_ARCH = YES;
				SDKROOT = iphoneos;
				SWIFT_ACTIVE_COMPILATION_CONDITIONS = DEBUG;
				SWIFT_OPTIMIZATION_LEVEL = "-Onone";
			};
			name = Debug;
		};
		D3E11AD21E5376B100BDCA2C /* Release */ = {
			isa = XCBuildConfiguration;
			buildSettings = {
				ALWAYS_SEARCH_USER_PATHS = NO;
				CLANG_ANALYZER_NONNULL = YES;
				CLANG_CXX_LANGUAGE_STANDARD = "gnu++0x";
				CLANG_CXX_LIBRARY = "libc++";
				CLANG_ENABLE_MODULES = YES;
				CLANG_ENABLE_OBJC_ARC = YES;
				CLANG_WARN_BOOL_CONVERSION = YES;
				CLANG_WARN_CONSTANT_CONVERSION = YES;
				CLANG_WARN_DIRECT_OBJC_ISA_USAGE = YES_ERROR;
				CLANG_WARN_DOCUMENTATION_COMMENTS = YES;
				CLANG_WARN_EMPTY_BODY = YES;
				CLANG_WARN_ENUM_CONVERSION = YES;
				CLANG_WARN_INFINITE_RECURSION = YES;
				CLANG_WARN_INT_CONVERSION = YES;
				CLANG_WARN_OBJC_ROOT_CLASS = YES_ERROR;
				CLANG_WARN_SUSPICIOUS_MOVE = YES;
				CLANG_WARN_UNREACHABLE_CODE = YES;
				CLANG_WARN__DUPLICATE_METHOD_MATCH = YES;
				"CODE_SIGN_IDENTITY[sdk=iphoneos*]" = "iPhone Developer";
				COPY_PHASE_STRIP = NO;
				DEBUG_INFORMATION_FORMAT = "dwarf-with-dsym";
				ENABLE_NS_ASSERTIONS = NO;
				ENABLE_STRICT_OBJC_MSGSEND = YES;
				GCC_C_LANGUAGE_STANDARD = gnu99;
				GCC_NO_COMMON_BLOCKS = YES;
				GCC_WARN_64_TO_32_BIT_CONVERSION = YES;
				GCC_WARN_ABOUT_RETURN_TYPE = YES_ERROR;
				GCC_WARN_UNDECLARED_SELECTOR = YES;
				GCC_WARN_UNINITIALIZED_AUTOS = YES_AGGRESSIVE;
				GCC_WARN_UNUSED_FUNCTION = YES;
				GCC_WARN_UNUSED_VARIABLE = YES;
				IPHONEOS_DEPLOYMENT_TARGET = 10.2;
				MTL_ENABLE_DEBUG_INFO = NO;
				SDKROOT = iphoneos;
				SWIFT_OPTIMIZATION_LEVEL = "-Owholemodule";
				VALIDATE_PRODUCT = YES;
			};
			name = Release;
		};
		D3E11AD41E5376B100BDCA2C /* Debug */ = {
			isa = XCBuildConfiguration;
			buildSettings = {
				ASSETCATALOG_COMPILER_APPICON_NAME = AppIcon;
				INFOPLIST_FILE = Lesson08Lab02/Info.plist;
				LD_RUNPATH_SEARCH_PATHS = "$(inherited) @executable_path/Frameworks";
				PRODUCT_BUNDLE_IDENTIFIER = edu.wctc.Lesson08Lab02;
				PRODUCT_NAME = "$(TARGET_NAME)";
				SWIFT_VERSION = 3.0;
			};
			name = Debug;
		};
		D3E11AD51E5376B100BDCA2C /* Release */ = {
			isa = XCBuildConfiguration;
			buildSettings = {
				ASSETCATALOG_COMPILER_APPICON_NAME = AppIcon;
				INFOPLIST_FILE = Lesson08Lab02/Info.plist;
				LD_RUNPATH_SEARCH_PATHS = "$(inherited) @executable_path/Frameworks";
				PRODUCT_BUNDLE_IDENTIFIER = edu.wctc.Lesson08Lab02;
				PRODUCT_NAME = "$(TARGET_NAME)";
				SWIFT_VERSION = 3.0;
			};
			name = Release;
		};
		D3E11AD71E5376B100BDCA2C /* Debug */ = {
			isa = XCBuildConfiguration;
			buildSettings = {
				ALWAYS_EMBED_SWIFT_STANDARD_LIBRARIES = YES;
				BUNDLE_LOADER = "$(TEST_HOST)";
				INFOPLIST_FILE = Lesson08Lab02Tests/Info.plist;
				LD_RUNPATH_SEARCH_PATHS = "$(inherited) @executable_path/Frameworks @loader_path/Frameworks";
				PRODUCT_BUNDLE_IDENTIFIER = edu.wctc.Lesson08Lab02Tests;
				PRODUCT_NAME = "$(TARGET_NAME)";
				SWIFT_VERSION = 3.0;
				TEST_HOST = "$(BUILT_PRODUCTS_DIR)/Lesson08Lab02.app/Lesson08Lab02";
			};
			name = Debug;
		};
		D3E11AD81E5376B100BDCA2C /* Release */ = {
			isa = XCBuildConfiguration;
			buildSettings = {
				ALWAYS_EMBED_SWIFT_STANDARD_LIBRARIES = YES;
				BUNDLE_LOADER = "$(TEST_HOST)";
				INFOPLIST_FILE = Lesson08Lab02Tests/Info.plist;
				LD_RUNPATH_SEARCH_PATHS = "$(inherited) @executable_path/Frameworks @loader_path/Frameworks";
				PRODUCT_BUNDLE_IDENTIFIER = edu.wctc.Lesson08Lab02Tests;
				PRODUCT_NAME = "$(TARGET_NAME)";
				SWIFT_VERSION = 3.0;
				TEST_HOST = "$(BUILT_PRODUCTS_DIR)/Lesson08Lab02.app/Lesson08Lab02";
			};
			name = Release;
		};
		D3E11ADA1E5376B100BDCA2C /* Debug */ = {
			isa = XCBuildConfiguration;
			buildSettings = {
				ALWAYS_EMBED_SWIFT_STANDARD_LIBRARIES = YES;
				INFOPLIST_FILE = Lesson08Lab02UITests/Info.plist;
				LD_RUNPATH_SEARCH_PATHS = "$(inherited) @executable_path/Frameworks @loader_path/Frameworks";
				PRODUCT_BUNDLE_IDENTIFIER = edu.wctc.Lesson08Lab02UITests;
				PRODUCT_NAME = "$(TARGET_NAME)";
				SWIFT_VERSION = 3.0;
				TEST_TARGET_NAME = Lesson08Lab02;
			};
			name = Debug;
		};
		D3E11ADB1E5376B100BDCA2C /* Release */ = {
			isa = XCBuildConfiguration;
			buildSettings = {
				ALWAYS_EMBED_SWIFT_STANDARD_LIBRARIES = YES;
				INFOPLIST_FILE = Lesson08Lab02UITests/Info.plist;
				LD_RUNPATH_SEARCH_PATHS = "$(inherited) @executable_path/Frameworks @loader_path/Frameworks";
				PRODUCT_BUNDLE_IDENTIFIER = edu.wctc.Lesson08Lab02UITests;
				PRODUCT_NAME = "$(TARGET_NAME)";
				SWIFT_VERSION = 3.0;
				TEST_TARGET_NAME = Lesson08Lab02;
			};
			name = Release;
		};
/* End XCBuildConfiguration section */

/* Begin XCConfigurationList section */
		D3E11AA61E5376B100BDCA2C /* Build configuration list for PBXProject "Lesson08Lab02" */ = {
			isa = XCConfigurationList;
			buildConfigurations = (
				D3E11AD11E5376B100BDCA2C /* Debug */,
				D3E11AD21E5376B100BDCA2C /* Release */,
			);
			defaultConfigurationIsVisible = 0;
			defaultConfigurationName = Release;
		};
		D3E11AD31E5376B100BDCA2C /* Build configuration list for PBXNativeTarget "Lesson08Lab02" */ = {
			isa = XCConfigurationList;
			buildConfigurations = (
				D3E11AD41E5376B100BDCA2C /* Debug */,
				D3E11AD51E5376B100BDCA2C /* Release */,
			);
			defaultConfigurationIsVisible = 0;
		};
		D3E11AD61E5376B100BDCA2C /* Build configuration list for PBXNativeTarget "Lesson08Lab02Tests" */ = {
			isa = XCConfigurationList;
			buildConfigurations = (
				D3E11AD71E5376B100BDCA2C /* Debug */,
				D3E11AD81E5376B100BDCA2C /* Release */,
			);
			defaultConfigurationIsVisible = 0;
		};
		D3E11AD91E5376B100BDCA2C /* Build configuration list for PBXNativeTarget "Lesson08Lab02UITests" */ = {
			isa = XCConfigurationList;
			buildConfigurations = (
				D3E11ADA1E5376B100BDCA2C /* Debug */,
				D3E11ADB1E5376B100BDCA2C /* Release */,
			);
			defaultConfigurationIsVisible = 0;
		};
/* End XCConfigurationList section */
	};
	rootObject = D3E11AA31E5376B100BDCA2C /* Project object */;
}
