// !$*UTF8*$!
{
	archiveVersion = 1;
	classes = {
	};
	objectVersion = 46;
	objects = {

/* Begin PBXBuildFile section */
		D3D02C431E5CAA2C00C84FBC /* AppDelegate.swift in Sources */ = {isa = PBXBuildFile; fileRef = D3D02C421E5CAA2C00C84FBC /* AppDelegate.swift */; };
		D3D02C451E5CAA2C00C84FBC /* ViewController.swift in Sources */ = {isa = PBXBuildFile; fileRef = D3D02C441E5CAA2C00C84FBC /* ViewController.swift */; };
		D3D02C481E5CAA2C00C84FBC /* Main.storyboard in Resources */ = {isa = PBXBuildFile; fileRef = D3D02C461E5CAA2C00C84FBC /* Main.storyboard */; };
		D3D02C4A1E5CAA2C00C84FBC /* Assets.xcassets in Resources */ = {isa = PBXBuildFile; fileRef = D3D02C491E5CAA2C00C84FBC /* Assets.xcassets */; };
		D3D02C4D1E5CAA2C00C84FBC /* LaunchScreen.storyboard in Resources */ = {isa = PBXBuildFile; fileRef = D3D02C4B1E5CAA2C00C84FBC /* LaunchScreen.storyboard */; };
		D3D02C581E5CAA2C00C84FBC /* Lesson09Lab01Tests.swift in Sources */ = {isa = PBXBuildFile; fileRef = D3D02C571E5CAA2C00C84FBC /* Lesson09Lab01Tests.swift */; };
		D3D02C631E5CAA2D00C84FBC /* Lesson09Lab01UITests.swift in Sources */ = {isa = PBXBuildFile; fileRef = D3D02C621E5CAA2D00C84FBC /* Lesson09Lab01UITests.swift */; };
/* End PBXBuildFile section */

/* Begin PBXContainerItemProxy section */
		D3D02C541E5CAA2C00C84FBC /* PBXContainerItemProxy */ = {
			isa = PBXContainerItemProxy;
			containerPortal = D3D02C371E5CAA2B00C84FBC /* Project object */;
			proxyType = 1;
			remoteGlobalIDString = D3D02C3E1E5CAA2C00C84FBC;
			remoteInfo = Lesson09Lab01;
		};
		D3D02C5F1E5CAA2C00C84FBC /* PBXContainerItemProxy */ = {
			isa = PBXContainerItemProxy;
			containerPortal = D3D02C371E5CAA2B00C84FBC /* Project object */;
			proxyType = 1;
			remoteGlobalIDString = D3D02C3E1E5CAA2C00C84FBC;
			remoteInfo = Lesson09Lab01;
		};
/* End PBXContainerItemProxy section */

/* Begin PBXFileReference section */
		D3D02C3F1E5CAA2C00C84FBC /* Lesson09Lab01.app */ = {isa = PBXFileReference; explicitFileType = wrapper.application; includeInIndex = 0; path = Lesson09Lab01.app; sourceTree = BUILT_PRODUCTS_DIR; };
		D3D02C421E5CAA2C00C84FBC /* AppDelegate.swift */ = {isa = PBXFileReference; lastKnownFileType = sourcecode.swift; path = AppDelegate.swift; sourceTree = "<group>"; };
		D3D02C441E5CAA2C00C84FBC /* ViewController.swift */ = {isa = PBXFileReference; lastKnownFileType = sourcecode.swift; path = ViewController.swift; sourceTree = "<group>"; };
		D3D02C471E5CAA2C00C84FBC /* Base */ = {isa = PBXFileReference; lastKnownFileType = file.storyboard; name = Base; path = Base.lproj/Main.storyboard; sourceTree = "<group>"; };
		D3D02C491E5CAA2C00C84FBC /* Assets.xcassets */ = {isa = PBXFileReference; lastKnownFileType = folder.assetcatalog; path = Assets.xcassets; sourceTree = "<group>"; };
		D3D02C4C1E5CAA2C00C84FBC /* Base */ = {isa = PBXFileReference; lastKnownFileType = file.storyboard; name = Base; path = Base.lproj/LaunchScreen.storyboard; sourceTree = "<group>"; };
		D3D02C4E1E5CAA2C00C84FBC /* Info.plist */ = {isa = PBXFileReference; lastKnownFileType = text.plist.xml; path = Info.plist; sourceTree = "<group>"; };
		D3D02C531E5CAA2C00C84FBC /* Lesson09Lab01Tests.xctest */ = {isa = PBXFileReference; explicitFileType = wrapper.cfbundle; includeInIndex = 0; path = Lesson09Lab01Tests.xctest; sourceTree = BUILT_PRODUCTS_DIR; };
		D3D02C571E5CAA2C00C84FBC /* Lesson09Lab01Tests.swift */ = {isa = PBXFileReference; lastKnownFileType = sourcecode.swift; path = Lesson09Lab01Tests.swift; sourceTree = "<group>"; };
		D3D02C591E5CAA2C00C84FBC /* Info.plist */ = {isa = PBXFileReference; lastKnownFileType = text.plist.xml; path = Info.plist; sourceTree = "<group>"; };
		D3D02C5E1E5CAA2C00C84FBC /* Lesson09Lab01UITests.xctest */ = {isa = PBXFileReference; explicitFileType = wrapper.cfbundle; includeInIndex = 0; path = Lesson09Lab01UITests.xctest; sourceTree = BUILT_PRODUCTS_DIR; };
		D3D02C621E5CAA2D00C84FBC /* Lesson09Lab01UITests.swift */ = {isa = PBXFileReference; lastKnownFileType = sourcecode.swift; path = Lesson09Lab01UITests.swift; sourceTree = "<group>"; };
		D3D02C641E5CAA2D00C84FBC /* Info.plist */ = {isa = PBXFileReference; lastKnownFileType = text.plist.xml; path = Info.plist; sourceTree = "<group>"; };
/* End PBXFileReference section */

/* Begin PBXFrameworksBuildPhase section */
		D3D02C3C1E5CAA2C00C84FBC /* Frameworks */ = {
			isa = PBXFrameworksBuildPhase;
			buildActionMask = 2147483647;
			files = (
			);
			runOnlyForDeploymentPostprocessing = 0;
		};
		D3D02C501E5CAA2C00C84FBC /* Frameworks */ = {
			isa = PBXFrameworksBuildPhase;
			buildActionMask = 2147483647;
			files = (
			);
			runOnlyForDeploymentPostprocessing = 0;
		};
		D3D02C5B1E5CAA2C00C84FBC /* Frameworks */ = {
			isa = PBXFrameworksBuildPhase;
			buildActionMask = 2147483647;
			files = (
			);
			runOnlyForDeploymentPostprocessing = 0;
		};
/* End PBXFrameworksBuildPhase section */

/* Begin PBXGroup section */
		D3D02C361E5CAA2B00C84FBC = {
			isa = PBXGroup;
			children = (
				D3D02C411E5CAA2C00C84FBC /* Lesson09Lab01 */,
				D3D02C561E5CAA2C00C84FBC /* Lesson09Lab01Tests */,
				D3D02C611E5CAA2D00C84FBC /* Lesson09Lab01UITests */,
				D3D02C401E5CAA2C00C84FBC /* Products */,
			);
			sourceTree = "<group>";
		};
		D3D02C401E5CAA2C00C84FBC /* Products */ = {
			isa = PBXGroup;
			children = (
				D3D02C3F1E5CAA2C00C84FBC /* Lesson09Lab01.app */,
				D3D02C531E5CAA2C00C84FBC /* Lesson09Lab01Tests.xctest */,
				D3D02C5E1E5CAA2C00C84FBC /* Lesson09Lab01UITests.xctest */,
			);
			name = Products;
			sourceTree = "<group>";
		};
		D3D02C411E5CAA2C00C84FBC /* Lesson09Lab01 */ = {
			isa = PBXGroup;
			children = (
				D3D02C421E5CAA2C00C84FBC /* AppDelegate.swift */,
				D3D02C441E5CAA2C00C84FBC /* ViewController.swift */,
				D3D02C461E5CAA2C00C84FBC /* Main.storyboard */,
				D3D02C491E5CAA2C00C84FBC /* Assets.xcassets */,
				D3D02C4B1E5CAA2C00C84FBC /* LaunchScreen.storyboard */,
				D3D02C4E1E5CAA2C00C84FBC /* Info.plist */,
			);
			path = Lesson09Lab01;
			sourceTree = "<group>";
		};
		D3D02C561E5CAA2C00C84FBC /* Lesson09Lab01Tests */ = {
			isa = PBXGroup;
			children = (
				D3D02C571E5CAA2C00C84FBC /* Lesson09Lab01Tests.swift */,
				D3D02C591E5CAA2C00C84FBC /* Info.plist */,
			);
			path = Lesson09Lab01Tests;
			sourceTree = "<group>";
		};
		D3D02C611E5CAA2D00C84FBC /* Lesson09Lab01UITests */ = {
			isa = PBXGroup;
			children = (
				D3D02C621E5CAA2D00C84FBC /* Lesson09Lab01UITests.swift */,
				D3D02C641E5CAA2D00C84FBC /* Info.plist */,
			);
			path = Lesson09Lab01UITests;
			sourceTree = "<group>";
		};
/* End PBXGroup section */

/* Begin PBXNativeTarget section */
		D3D02C3E1E5CAA2C00C84FBC /* Lesson09Lab01 */ = {
			isa = PBXNativeTarget;
			buildConfigurationList = D3D02C671E5CAA2D00C84FBC /* Build configuration list for PBXNativeTarget "Lesson09Lab01" */;
			buildPhases = (
				D3D02C3B1E5CAA2C00C84FBC /* Sources */,
				D3D02C3C1E5CAA2C00C84FBC /* Frameworks */,
				D3D02C3D1E5CAA2C00C84FBC /* Resources */,
			);
			buildRules = (
			);
			dependencies = (
			);
			name = Lesson09Lab01;
			productName = Lesson09Lab01;
			productReference = D3D02C3F1E5CAA2C00C84FBC /* Lesson09Lab01.app */;
			productType = "com.apple.product-type.application";
		};
		D3D02C521E5CAA2C00C84FBC /* Lesson09Lab01Tests */ = {
			isa = PBXNativeTarget;
			buildConfigurationList = D3D02C6A1E5CAA2D00C84FBC /* Build configuration list for PBXNativeTarget "Lesson09Lab01Tests" */;
			buildPhases = (
				D3D02C4F1E5CAA2C00C84FBC /* Sources */,
				D3D02C501E5CAA2C00C84FBC /* Frameworks */,
				D3D02C511E5CAA2C00C84FBC /* Resources */,
			);
			buildRules = (
			);
			dependencies = (
				D3D02C551E5CAA2C00C84FBC /* PBXTargetDependency */,
			);
			name = Lesson09Lab01Tests;
			productName = Lesson09Lab01Tests;
			productReference = D3D02C531E5CAA2C00C84FBC /* Lesson09Lab01Tests.xctest */;
			productType = "com.apple.product-type.bundle.unit-test";
		};
		D3D02C5D1E5CAA2C00C84FBC /* Lesson09Lab01UITests */ = {
			isa = PBXNativeTarget;
			buildConfigurationList = D3D02C6D1E5CAA2D00C84FBC /* Build configuration list for PBXNativeTarget "Lesson09Lab01UITests" */;
			buildPhases = (
				D3D02C5A1E5CAA2C00C84FBC /* Sources */,
				D3D02C5B1E5CAA2C00C84FBC /* Frameworks */,
				D3D02C5C1E5CAA2C00C84FBC /* Resources */,
			);
			buildRules = (
			);
			dependencies = (
				D3D02C601E5CAA2C00C84FBC /* PBXTargetDependency */,
			);
			name = Lesson09Lab01UITests;
			productName = Lesson09Lab01UITests;
			productReference = D3D02C5E1E5CAA2C00C84FBC /* Lesson09Lab01UITests.xctest */;
			productType = "com.apple.product-type.bundle.ui-testing";
		};
/* End PBXNativeTarget section */

/* Begin PBXProject section */
		D3D02C371E5CAA2B00C84FBC /* Project object */ = {
			isa = PBXProject;
			attributes = {
				LastSwiftUpdateCheck = 0820;
				LastUpgradeCheck = 0820;
				ORGANIZATIONNAME = bitstudent;
				TargetAttributes = {
					D3D02C3E1E5CAA2C00C84FBC = {
						CreatedOnToolsVersion = 8.2.1;
						ProvisioningStyle = Automatic;
					};
					D3D02C521E5CAA2C00C84FBC = {
						CreatedOnToolsVersion = 8.2.1;
						ProvisioningStyle = Automatic;
						TestTargetID = D3D02C3E1E5CAA2C00C84FBC;
					};
					D3D02C5D1E5CAA2C00C84FBC = {
						CreatedOnToolsVersion = 8.2.1;
						ProvisioningStyle = Automatic;
						TestTargetID = D3D02C3E1E5CAA2C00C84FBC;
					};
				};
			};
			buildConfigurationList = D3D02C3A1E5CAA2B00C84FBC /* Build configuration list for PBXProject "Lesson09Lab01" */;
			compatibilityVersion = "Xcode 3.2";
			developmentRegion = English;
			hasScannedForEncodings = 0;
			knownRegions = (
				en,
				Base,
			);
			mainGroup = D3D02C361E5CAA2B00C84FBC;
			productRefGroup = D3D02C401E5CAA2C00C84FBC /* Products */;
			projectDirPath = "";
			projectRoot = "";
			targets = (
				D3D02C3E1E5CAA2C00C84FBC /* Lesson09Lab01 */,
				D3D02C521E5CAA2C00C84FBC /* Lesson09Lab01Tests */,
				D3D02C5D1E5CAA2C00C84FBC /* Lesson09Lab01UITests */,
			);
		};
/* End PBXProject section */

/* Begin PBXResourcesBuildPhase section */
		D3D02C3D1E5CAA2C00C84FBC /* Resources */ = {
			isa = PBXResourcesBuildPhase;
			buildActionMask = 2147483647;
			files = (
				D3D02C4D1E5CAA2C00C84FBC /* LaunchScreen.storyboard in Resources */,
				D3D02C4A1E5CAA2C00C84FBC /* Assets.xcassets in Resources */,
				D3D02C481E5CAA2C00C84FBC /* Main.storyboard in Resources */,
			);
			runOnlyForDeploymentPostprocessing = 0;
		};
		D3D02C511E5CAA2C00C84FBC /* Resources */ = {
			isa = PBXResourcesBuildPhase;
			buildActionMask = 2147483647;
			files = (
			);
			runOnlyForDeploymentPostprocessing = 0;
		};
		D3D02C5C1E5CAA2C00C84FBC /* Resources */ = {
			isa = PBXResourcesBuildPhase;
			buildActionMask = 2147483647;
			files = (
			);
			runOnlyForDeploymentPostprocessing = 0;
		};
/* End PBXResourcesBuildPhase section */

/* Begin PBXSourcesBuildPhase section */
		D3D02C3B1E5CAA2C00C84FBC /* Sources */ = {
			isa = PBXSourcesBuildPhase;
			buildActionMask = 2147483647;
			files = (
				D3D02C451E5CAA2C00C84FBC /* ViewController.swift in Sources */,
				D3D02C431E5CAA2C00C84FBC /* AppDelegate.swift in Sources */,
			);
			runOnlyForDeploymentPostprocessing = 0;
		};
		D3D02C4F1E5CAA2C00C84FBC /* Sources */ = {
			isa = PBXSourcesBuildPhase;
			buildActionMask = 2147483647;
			files = (
				D3D02C581E5CAA2C00C84FBC /* Lesson09Lab01Tests.swift in Sources */,
			);
			runOnlyForDeploymentPostprocessing = 0;
		};
		D3D02C5A1E5CAA2C00C84FBC /* Sources */ = {
			isa = PBXSourcesBuildPhase;
			buildActionMask = 2147483647;
			files = (
				D3D02C631E5CAA2D00C84FBC /* Lesson09Lab01UITests.swift in Sources */,
			);
			runOnlyForDeploymentPostprocessing = 0;
		};
/* End PBXSourcesBuildPhase section */

/* Begin PBXTargetDependency section */
		D3D02C551E5CAA2C00C84FBC /* PBXTargetDependency */ = {
			isa = PBXTargetDependency;
			target = D3D02C3E1E5CAA2C00C84FBC /* Lesson09Lab01 */;
			targetProxy = D3D02C541E5CAA2C00C84FBC /* PBXContainerItemProxy */;
		};
		D3D02C601E5CAA2C00C84FBC /* PBXTargetDependency */ = {
			isa = PBXTargetDependency;
			target = D3D02C3E1E5CAA2C00C84FBC /* Lesson09Lab01 */;
			targetProxy = D3D02C5F1E5CAA2C00C84FBC /* PBXContainerItemProxy */;
		};
/* End PBXTargetDependency section */

/* Begin PBXVariantGroup section */
		D3D02C461E5CAA2C00C84FBC /* Main.storyboard */ = {
			isa = PBXVariantGroup;
			children = (
				D3D02C471E5CAA2C00C84FBC /* Base */,
			);
			name = Main.storyboard;
			sourceTree = "<group>";
		};
		D3D02C4B1E5CAA2C00C84FBC /* LaunchScreen.storyboard */ = {
			isa = PBXVariantGroup;
			children = (
				D3D02C4C1E5CAA2C00C84FBC /* Base */,
			);
			name = LaunchScreen.storyboard;
			sourceTree = "<group>";
		};
/* End PBXVariantGroup section */

/* Begin XCBuildConfiguration section */
		D3D02C651E5CAA2D00C84FBC /* Debug */ = {
			isa = XCBuildConfiguration;
			buildSettings = {
				ALWAYS_SEARCH_USER_PATHS = NO;
				CLANG_ANALYZER_NONNULL = YES;
				CLANG_CXX_LANGUAGE_STANDARD = "gnu++0x";
				CLANG_CXX_LIBRARY = "libc++";
				CLANG_ENABLE_MODULES = YES;
				CLANG_ENABLE_OBJC_ARC = YES;
				CLANG_WARN_BOOL_CONVERSION = YES;
				CLANG_WARN_CONSTANT_CONVERSION = YES;
				CLANG_WARN_DIRECT_OBJC_ISA_USAGE = YES_ERROR;
				CLANG_WARN_DOCUMENTATION_COMMENTS = YES;
				CLANG_WARN_EMPTY_BODY = YES;
				CLANG_WARN_ENUM_CONVERSION = YES;
				CLANG_WARN_INFINITE_RECURSION = YES;
				CLANG_WARN_INT_CONVERSION = YES;
				CLANG_WARN_OBJC_ROOT_CLASS = YES_ERROR;
				CLANG_WARN_SUSPICIOUS_MOVE = YES;
				CLANG_WARN_UNREACHABLE_CODE = YES;
				CLANG_WARN__DUPLICATE_METHOD_MATCH = YES;
				"CODE_SIGN_IDENTITY[sdk=iphoneos*]" = "iPhone Developer";
				COPY_PHASE_STRIP = NO;
				DEBUG_INFORMATION_FORMAT = dwarf;
				ENABLE_STRICT_OBJC_MSGSEND = YES;
				ENABLE_TESTABILITY = YES;
				GCC_C_LANGUAGE_STANDARD = gnu99;
				GCC_DYNAMIC_NO_PIC = NO;
				GCC_NO_COMMON_BLOCKS = YES;
				GCC_OPTIMIZATION_LEVEL = 0;
				GCC_PREPROCESSOR_DEFINITIONS = (
					"DEBUG=1",
					"$(inherited)",
				);
				GCC_WARN_64_TO_32_BIT_CONVERSION = YES;
				GCC_WARN_ABOUT_RETURN_TYPE = YES_ERROR;
				GCC_WARN_UNDECLARED_SELECTOR = YES;
				GCC_WARN_UNINITIALIZED_AUTOS = YES_AGGRESSIVE;
				GCC_WARN_UNUSED_FUNCTION = YES;
				GCC_WARN_UNUSED_VARIABLE = YES;
				IPHONEOS_DEPLOYMENT_TARGET = 10.2;
				MTL_ENABLE_DEBUG_INFO = YES;
				ONLY_ACTIVE_ARCH = YES;
				SDKROOT = iphoneos;
				SWIFT_ACTIVE_COMPILATION_CONDITIONS = DEBUG;
				SWIFT_OPTIMIZATION_LEVEL = "-Onone";
			};
			name = Debug;
		};
		D3D02C661E5CAA2D00C84FBC /* Release */ = {
			isa = XCBuildConfiguration;
			buildSettings = {
				ALWAYS_SEARCH_USER_PATHS = NO;
				CLANG_ANALYZER_NONNULL = YES;
				CLANG_CXX_LANGUAGE_STANDARD = "gnu++0x";
				CLANG_CXX_LIBRARY = "libc++";
				CLANG_ENABLE_MODULES = YES;
				CLANG_ENABLE_OBJC_ARC = YES;
				CLANG_WARN_BOOL_CONVERSION = YES;
				CLANG_WARN_CONSTANT_CONVERSION = YES;
				CLANG_WARN_DIRECT_OBJC_ISA_USAGE = YES_ERROR;
				CLANG_WARN_DOCUMENTATION_COMMENTS = YES;
				CLANG_WARN_EMPTY_BODY = YES;
				CLANG_WARN_ENUM_CONVERSION = YES;
				CLANG_WARN_INFINITE_RECURSION = YES;
				CLANG_WARN_INT_CONVERSION = YES;
				CLANG_WARN_OBJC_ROOT_CLASS = YES_ERROR;
				CLANG_WARN_SUSPICIOUS_MOVE = YES;
				CLANG_WARN_UNREACHABLE_CODE = YES;
				CLANG_WARN__DUPLICATE_METHOD_MATCH = YES;
				"CODE_SIGN_IDENTITY[sdk=iphoneos*]" = "iPhone Developer";
				COPY_PHASE_STRIP = NO;
				DEBUG_INFORMATION_FORMAT = "dwarf-with-dsym";
				ENABLE_NS_ASSERTIONS = NO;
				ENABLE_STRICT_OBJC_MSGSEND = YES;
				GCC_C_LANGUAGE_STANDARD = gnu99;
				GCC_NO_COMMON_BLOCKS = YES;
				GCC_WARN_64_TO_32_BIT_CONVERSION = YES;
				GCC_WARN_ABOUT_RETURN_TYPE = YES_ERROR;
				GCC_WARN_UNDECLARED_SELECTOR = YES;
				GCC_WARN_UNINITIALIZED_AUTOS = YES_AGGRESSIVE;
				GCC_WARN_UNUSED_FUNCTION = YES;
				GCC_WARN_UNUSED_VARIABLE = YES;
				IPHONEOS_DEPLOYMENT_TARGET = 10.2;
				MTL_ENABLE_DEBUG_INFO = NO;
				SDKROOT = iphoneos;
				SWIFT_OPTIMIZATION_LEVEL = "-Owholemodule";
				VALIDATE_PRODUCT = YES;
			};
			name = Release;
		};
		D3D02C681E5CAA2D00C84FBC /* Debug */ = {
			isa = XCBuildConfiguration;
			buildSettings = {
				ASSETCATALOG_COMPILER_APPICON_NAME = AppIcon;
				INFOPLIST_FILE = Lesson09Lab01/Info.plist;
				LD_RUNPATH_SEARCH_PATHS = "$(inherited) @executable_path/Frameworks";
				PRODUCT_BUNDLE_IDENTIFIER = edu.wctc.Lesson09Lab01;
				PRODUCT_NAME = "$(TARGET_NAME)";
				SWIFT_VERSION = 3.0;
			};
			name = Debug;
		};
		D3D02C691E5CAA2D00C84FBC /* Release */ = {
			isa = XCBuildConfiguration;
			buildSettings = {
				ASSETCATALOG_COMPILER_APPICON_NAME = AppIcon;
				INFOPLIST_FILE = Lesson09Lab01/Info.plist;
				LD_RUNPATH_SEARCH_PATHS = "$(inherited) @executable_path/Frameworks";
				PRODUCT_BUNDLE_IDENTIFIER = edu.wctc.Lesson09Lab01;
				PRODUCT_NAME = "$(TARGET_NAME)";
				SWIFT_VERSION = 3.0;
			};
			name = Release;
		};
		D3D02C6B1E5CAA2D00C84FBC /* Debug */ = {
			isa = XCBuildConfiguration;
			buildSettings = {
				ALWAYS_EMBED_SWIFT_STANDARD_LIBRARIES = YES;
				BUNDLE_LOADER = "$(TEST_HOST)";
				INFOPLIST_FILE = Lesson09Lab01Tests/Info.plist;
				LD_RUNPATH_SEARCH_PATHS = "$(inherited) @executable_path/Frameworks @loader_path/Frameworks";
				PRODUCT_BUNDLE_IDENTIFIER = edu.wctc.Lesson09Lab01Tests;
				PRODUCT_NAME = "$(TARGET_NAME)";
				SWIFT_VERSION = 3.0;
				TEST_HOST = "$(BUILT_PRODUCTS_DIR)/Lesson09Lab01.app/Lesson09Lab01";
			};
			name = Debug;
		};
		D3D02C6C1E5CAA2D00C84FBC /* Release */ = {
			isa = XCBuildConfiguration;
			buildSettings = {
				ALWAYS_EMBED_SWIFT_STANDARD_LIBRARIES = YES;
				BUNDLE_LOADER = "$(TEST_HOST)";
				INFOPLIST_FILE = Lesson09Lab01Tests/Info.plist;
				LD_RUNPATH_SEARCH_PATHS = "$(inherited) @executable_path/Frameworks @loader_path/Frameworks";
				PRODUCT_BUNDLE_IDENTIFIER = edu.wctc.Lesson09Lab01Tests;
				PRODUCT_NAME = "$(TARGET_NAME)";
				SWIFT_VERSION = 3.0;
				TEST_HOST = "$(BUILT_PRODUCTS_DIR)/Lesson09Lab01.app/Lesson09Lab01";
			};
			name = Release;
		};
		D3D02C6E1E5CAA2D00C84FBC /* Debug */ = {
			isa = XCBuildConfiguration;
			buildSettings = {
				ALWAYS_EMBED_SWIFT_STANDARD_LIBRARIES = YES;
				INFOPLIST_FILE = Lesson09Lab01UITests/Info.plist;
				LD_RUNPATH_SEARCH_PATHS = "$(inherited) @executable_path/Frameworks @loader_path/Frameworks";
				PRODUCT_BUNDLE_IDENTIFIER = edu.wctc.Lesson09Lab01UITests;
				PRODUCT_NAME = "$(TARGET_NAME)";
				SWIFT_VERSION = 3.0;
				TEST_TARGET_NAME = Lesson09Lab01;
			};
			name = Debug;
		};
		D3D02C6F1E5CAA2D00C84FBC /* Release */ = {
			isa = XCBuildConfiguration;
			buildSettings = {
				ALWAYS_EMBED_SWIFT_STANDARD_LIBRARIES = YES;
				INFOPLIST_FILE = Lesson09Lab01UITests/Info.plist;
				LD_RUNPATH_SEARCH_PATHS = "$(inherited) @executable_path/Frameworks @loader_path/Frameworks";
				PRODUCT_BUNDLE_IDENTIFIER = edu.wctc.Lesson09Lab01UITests;
				PRODUCT_NAME = "$(TARGET_NAME)";
				SWIFT_VERSION = 3.0;
				TEST_TARGET_NAME = Lesson09Lab01;
			};
			name = Release;
		};
/* End XCBuildConfiguration section */

/* Begin XCConfigurationList section */
		D3D02C3A1E5CAA2B00C84FBC /* Build configuration list for PBXProject "Lesson09Lab01" */ = {
			isa = XCConfigurationList;
			buildConfigurations = (
				D3D02C651E5CAA2D00C84FBC /* Debug */,
				D3D02C661E5CAA2D00C84FBC /* Release */,
			);
			defaultConfigurationIsVisible = 0;
			defaultConfigurationName = Release;
		};
		D3D02C671E5CAA2D00C84FBC /* Build configuration list for PBXNativeTarget "Lesson09Lab01" */ = {
			isa = XCConfigurationList;
			buildConfigurations = (
				D3D02C681E5CAA2D00C84FBC /* Debug */,
				D3D02C691E5CAA2D00C84FBC /* Release */,
			);
			defaultConfigurationIsVisible = 0;
		};
		D3D02C6A1E5CAA2D00C84FBC /* Build configuration list for PBXNativeTarget "Lesson09Lab01Tests" */ = {
			isa = XCConfigurationList;
			buildConfigurations = (
				D3D02C6B1E5CAA2D00C84FBC /* Debug */,
				D3D02C6C1E5CAA2D00C84FBC /* Release */,
			);
			defaultConfigurationIsVisible = 0;
		};
		D3D02C6D1E5CAA2D00C84FBC /* Build configuration list for PBXNativeTarget "Lesson09Lab01UITests" */ = {
			isa = XCConfigurationList;
			buildConfigurations = (
				D3D02C6E1E5CAA2D00C84FBC /* Debug */,
				D3D02C6F1E5CAA2D00C84FBC /* Release */,
			);
			defaultConfigurationIsVisible = 0;
		};
/* End XCConfigurationList section */
	};
	rootObject = D3D02C371E5CAA2B00C84FBC /* Project object */;
}
