// !$*UTF8*$!
{
	archiveVersion = 1;
	classes = {
	};
	objectVersion = 46;
	objects = {

/* Begin PBXBuildFile section */
		D366DC891E4CE632001D4D2D /* AppDelegate.swift in Sources */ = {isa = PBXBuildFile; fileRef = D366DC881E4CE632001D4D2D /* AppDelegate.swift */; };
		D366DC8B1E4CE632001D4D2D /* ViewController.swift in Sources */ = {isa = PBXBuildFile; fileRef = D366DC8A1E4CE632001D4D2D /* ViewController.swift */; };
		D366DC8E1E4CE632001D4D2D /* Main.storyboard in Resources */ = {isa = PBXBuildFile; fileRef = D366DC8C1E4CE632001D4D2D /* Main.storyboard */; };
		D366DC901E4CE632001D4D2D /* Assets.xcassets in Resources */ = {isa = PBXBuildFile; fileRef = D366DC8F1E4CE632001D4D2D /* Assets.xcassets */; };
		D366DC931E4CE632001D4D2D /* LaunchScreen.storyboard in Resources */ = {isa = PBXBuildFile; fileRef = D366DC911E4CE632001D4D2D /* LaunchScreen.storyboard */; };
		D366DC9E1E4CE632001D4D2D /* Homework07Tests.swift in Sources */ = {isa = PBXBuildFile; fileRef = D366DC9D1E4CE632001D4D2D /* Homework07Tests.swift */; };
		D366DCA91E4CE632001D4D2D /* Homework07UITests.swift in Sources */ = {isa = PBXBuildFile; fileRef = D366DCA81E4CE632001D4D2D /* Homework07UITests.swift */; };
/* End PBXBuildFile section */

/* Begin PBXContainerItemProxy section */
		D366DC9A1E4CE632001D4D2D /* PBXContainerItemProxy */ = {
			isa = PBXContainerItemProxy;
			containerPortal = D366DC7D1E4CE632001D4D2D /* Project object */;
			proxyType = 1;
			remoteGlobalIDString = D366DC841E4CE632001D4D2D;
			remoteInfo = Homework07;
		};
		D366DCA51E4CE632001D4D2D /* PBXContainerItemProxy */ = {
			isa = PBXContainerItemProxy;
			containerPortal = D366DC7D1E4CE632001D4D2D /* Project object */;
			proxyType = 1;
			remoteGlobalIDString = D366DC841E4CE632001D4D2D;
			remoteInfo = Homework07;
		};
/* End PBXContainerItemProxy section */

/* Begin PBXFileReference section */
		D366DC851E4CE632001D4D2D /* Homework07.app */ = {isa = PBXFileReference; explicitFileType = wrapper.application; includeInIndex = 0; path = Homework07.app; sourceTree = BUILT_PRODUCTS_DIR; };
		D366DC881E4CE632001D4D2D /* AppDelegate.swift */ = {isa = PBXFileReference; lastKnownFileType = sourcecode.swift; path = AppDelegate.swift; sourceTree = "<group>"; };
		D366DC8A1E4CE632001D4D2D /* ViewController.swift */ = {isa = PBXFileReference; lastKnownFileType = sourcecode.swift; path = ViewController.swift; sourceTree = "<group>"; };
		D366DC8D1E4CE632001D4D2D /* Base */ = {isa = PBXFileReference; lastKnownFileType = file.storyboard; name = Base; path = Base.lproj/Main.storyboard; sourceTree = "<group>"; };
		D366DC8F1E4CE632001D4D2D /* Assets.xcassets */ = {isa = PBXFileReference; lastKnownFileType = folder.assetcatalog; path = Assets.xcassets; sourceTree = "<group>"; };
		D366DC921E4CE632001D4D2D /* Base */ = {isa = PBXFileReference; lastKnownFileType = file.storyboard; name = Base; path = Base.lproj/LaunchScreen.storyboard; sourceTree = "<group>"; };
		D366DC941E4CE632001D4D2D /* Info.plist */ = {isa = PBXFileReference; lastKnownFileType = text.plist.xml; path = Info.plist; sourceTree = "<group>"; };
		D366DC991E4CE632001D4D2D /* Homework07Tests.xctest */ = {isa = PBXFileReference; explicitFileType = wrapper.cfbundle; includeInIndex = 0; path = Homework07Tests.xctest; sourceTree = BUILT_PRODUCTS_DIR; };
		D366DC9D1E4CE632001D4D2D /* Homework07Tests.swift */ = {isa = PBXFileReference; lastKnownFileType = sourcecode.swift; path = Homework07Tests.swift; sourceTree = "<group>"; };
		D366DC9F1E4CE632001D4D2D /* Info.plist */ = {isa = PBXFileReference; lastKnownFileType = text.plist.xml; path = Info.plist; sourceTree = "<group>"; };
		D366DCA41E4CE632001D4D2D /* Homework07UITests.xctest */ = {isa = PBXFileReference; explicitFileType = wrapper.cfbundle; includeInIndex = 0; path = Homework07UITests.xctest; sourceTree = BUILT_PRODUCTS_DIR; };
		D366DCA81E4CE632001D4D2D /* Homework07UITests.swift */ = {isa = PBXFileReference; lastKnownFileType = sourcecode.swift; path = Homework07UITests.swift; sourceTree = "<group>"; };
		D366DCAA1E4CE632001D4D2D /* Info.plist */ = {isa = PBXFileReference; lastKnownFileType = text.plist.xml; path = Info.plist; sourceTree = "<group>"; };
/* End PBXFileReference section */

/* Begin PBXFrameworksBuildPhase section */
		D366DC821E4CE632001D4D2D /* Frameworks */ = {
			isa = PBXFrameworksBuildPhase;
			buildActionMask = 2147483647;
			files = (
			);
			runOnlyForDeploymentPostprocessing = 0;
		};
		D366DC961E4CE632001D4D2D /* Frameworks */ = {
			isa = PBXFrameworksBuildPhase;
			buildActionMask = 2147483647;
			files = (
			);
			runOnlyForDeploymentPostprocessing = 0;
		};
		D366DCA11E4CE632001D4D2D /* Frameworks */ = {
			isa = PBXFrameworksBuildPhase;
			buildActionMask = 2147483647;
			files = (
			);
			runOnlyForDeploymentPostprocessing = 0;
		};
/* End PBXFrameworksBuildPhase section */

/* Begin PBXGroup section */
		D366DC7C1E4CE632001D4D2D = {
			isa = PBXGroup;
			children = (
				D366DC871E4CE632001D4D2D /* Homework07 */,
				D366DC9C1E4CE632001D4D2D /* Homework07Tests */,
				D366DCA71E4CE632001D4D2D /* Homework07UITests */,
				D366DC861E4CE632001D4D2D /* Products */,
			);
			sourceTree = "<group>";
		};
		D366DC861E4CE632001D4D2D /* Products */ = {
			isa = PBXGroup;
			children = (
				D366DC851E4CE632001D4D2D /* Homework07.app */,
				D366DC991E4CE632001D4D2D /* Homework07Tests.xctest */,
				D366DCA41E4CE632001D4D2D /* Homework07UITests.xctest */,
			);
			name = Products;
			sourceTree = "<group>";
		};
		D366DC871E4CE632001D4D2D /* Homework07 */ = {
			isa = PBXGroup;
			children = (
				D366DC881E4CE632001D4D2D /* AppDelegate.swift */,
				D366DC8A1E4CE632001D4D2D /* ViewController.swift */,
				D366DC8C1E4CE632001D4D2D /* Main.storyboard */,
				D366DC8F1E4CE632001D4D2D /* Assets.xcassets */,
				D366DC911E4CE632001D4D2D /* LaunchScreen.storyboard */,
				D366DC941E4CE632001D4D2D /* Info.plist */,
			);
			path = Homework07;
			sourceTree = "<group>";
		};
		D366DC9C1E4CE632001D4D2D /* Homework07Tests */ = {
			isa = PBXGroup;
			children = (
				D366DC9D1E4CE632001D4D2D /* Homework07Tests.swift */,
				D366DC9F1E4CE632001D4D2D /* Info.plist */,
			);
			path = Homework07Tests;
			sourceTree = "<group>";
		};
		D366DCA71E4CE632001D4D2D /* Homework07UITests */ = {
			isa = PBXGroup;
			children = (
				D366DCA81E4CE632001D4D2D /* Homework07UITests.swift */,
				D366DCAA1E4CE632001D4D2D /* Info.plist */,
			);
			path = Homework07UITests;
			sourceTree = "<group>";
		};
/* End PBXGroup section */

/* Begin PBXNativeTarget section */
		D366DC841E4CE632001D4D2D /* Homework07 */ = {
			isa = PBXNativeTarget;
			buildConfigurationList = D366DCAD1E4CE632001D4D2D /* Build configuration list for PBXNativeTarget "Homework07" */;
			buildPhases = (
				D366DC811E4CE632001D4D2D /* Sources */,
				D366DC821E4CE632001D4D2D /* Frameworks */,
				D366DC831E4CE632001D4D2D /* Resources */,
			);
			buildRules = (
			);
			dependencies = (
			);
			name = Homework07;
			productName = Homework07;
			productReference = D366DC851E4CE632001D4D2D /* Homework07.app */;
			productType = "com.apple.product-type.application";
		};
		D366DC981E4CE632001D4D2D /* Homework07Tests */ = {
			isa = PBXNativeTarget;
			buildConfigurationList = D366DCB01E4CE632001D4D2D /* Build configuration list for PBXNativeTarget "Homework07Tests" */;
			buildPhases = (
				D366DC951E4CE632001D4D2D /* Sources */,
				D366DC961E4CE632001D4D2D /* Frameworks */,
				D366DC971E4CE632001D4D2D /* Resources */,
			);
			buildRules = (
			);
			dependencies = (
				D366DC9B1E4CE632001D4D2D /* PBXTargetDependency */,
			);
			name = Homework07Tests;
			productName = Homework07Tests;
			productReference = D366DC991E4CE632001D4D2D /* Homework07Tests.xctest */;
			productType = "com.apple.product-type.bundle.unit-test";
		};
		D366DCA31E4CE632001D4D2D /* Homework07UITests */ = {
			isa = PBXNativeTarget;
			buildConfigurationList = D366DCB31E4CE632001D4D2D /* Build configuration list for PBXNativeTarget "Homework07UITests" */;
			buildPhases = (
				D366DCA01E4CE632001D4D2D /* Sources */,
				D366DCA11E4CE632001D4D2D /* Frameworks */,
				D366DCA21E4CE632001D4D2D /* Resources */,
			);
			buildRules = (
			);
			dependencies = (
				D366DCA61E4CE632001D4D2D /* PBXTargetDependency */,
			);
			name = Homework07UITests;
			productName = Homework07UITests;
			productReference = D366DCA41E4CE632001D4D2D /* Homework07UITests.xctest */;
			productType = "com.apple.product-type.bundle.ui-testing";
		};
/* End PBXNativeTarget section */

/* Begin PBXProject section */
		D366DC7D1E4CE632001D4D2D /* Project object */ = {
			isa = PBXProject;
			attributes = {
				LastSwiftUpdateCheck = 0820;
				LastUpgradeCheck = 0820;
				ORGANIZATIONNAME = bitstudent;
				TargetAttributes = {
					D366DC841E4CE632001D4D2D = {
						CreatedOnToolsVersion = 8.2.1;
						ProvisioningStyle = Automatic;
					};
					D366DC981E4CE632001D4D2D = {
						CreatedOnToolsVersion = 8.2.1;
						ProvisioningStyle = Automatic;
						TestTargetID = D366DC841E4CE632001D4D2D;
					};
					D366DCA31E4CE632001D4D2D = {
						CreatedOnToolsVersion = 8.2.1;
						ProvisioningStyle = Automatic;
						TestTargetID = D366DC841E4CE632001D4D2D;
					};
				};
			};
			buildConfigurationList = D366DC801E4CE632001D4D2D /* Build configuration list for PBXProject "Homework07" */;
			compatibilityVersion = "Xcode 3.2";
			developmentRegion = English;
			hasScannedForEncodings = 0;
			knownRegions = (
				en,
				Base,
			);
			mainGroup = D366DC7C1E4CE632001D4D2D;
			productRefGroup = D366DC861E4CE632001D4D2D /* Products */;
			projectDirPath = "";
			projectRoot = "";
			targets = (
				D366DC841E4CE632001D4D2D /* Homework07 */,
				D366DC981E4CE632001D4D2D /* Homework07Tests */,
				D366DCA31E4CE632001D4D2D /* Homework07UITests */,
			);
		};
/* End PBXProject section */

/* Begin PBXResourcesBuildPhase section */
		D366DC831E4CE632001D4D2D /* Resources */ = {
			isa = PBXResourcesBuildPhase;
			buildActionMask = 2147483647;
			files = (
				D366DC931E4CE632001D4D2D /* LaunchScreen.storyboard in Resources */,
				D366DC901E4CE632001D4D2D /* Assets.xcassets in Resources */,
				D366DC8E1E4CE632001D4D2D /* Main.storyboard in Resources */,
			);
			runOnlyForDeploymentPostprocessing = 0;
		};
		D366DC971E4CE632001D4D2D /* Resources */ = {
			isa = PBXResourcesBuildPhase;
			buildActionMask = 2147483647;
			files = (
			);
			runOnlyForDeploymentPostprocessing = 0;
		};
		D366DCA21E4CE632001D4D2D /* Resources */ = {
			isa = PBXResourcesBuildPhase;
			buildActionMask = 2147483647;
			files = (
			);
			runOnlyForDeploymentPostprocessing = 0;
		};
/* End PBXResourcesBuildPhase section */

/* Begin PBXSourcesBuildPhase section */
		D366DC811E4CE632001D4D2D /* Sources */ = {
			isa = PBXSourcesBuildPhase;
			buildActionMask = 2147483647;
			files = (
				D366DC8B1E4CE632001D4D2D /* ViewController.swift in Sources */,
				D366DC891E4CE632001D4D2D /* AppDelegate.swift in Sources */,
			);
			runOnlyForDeploymentPostprocessing = 0;
		};
		D366DC951E4CE632001D4D2D /* Sources */ = {
			isa = PBXSourcesBuildPhase;
			buildActionMask = 2147483647;
			files = (
				D366DC9E1E4CE632001D4D2D /* Homework07Tests.swift in Sources */,
			);
			runOnlyForDeploymentPostprocessing = 0;
		};
		D366DCA01E4CE632001D4D2D /* Sources */ = {
			isa = PBXSourcesBuildPhase;
			buildActionMask = 2147483647;
			files = (
				D366DCA91E4CE632001D4D2D /* Homework07UITests.swift in Sources */,
			);
			runOnlyForDeploymentPostprocessing = 0;
		};
/* End PBXSourcesBuildPhase section */

/* Begin PBXTargetDependency section */
		D366DC9B1E4CE632001D4D2D /* PBXTargetDependency */ = {
			isa = PBXTargetDependency;
			target = D366DC841E4CE632001D4D2D /* Homework07 */;
			targetProxy = D366DC9A1E4CE632001D4D2D /* PBXContainerItemProxy */;
		};
		D366DCA61E4CE632001D4D2D /* PBXTargetDependency */ = {
			isa = PBXTargetDependency;
			target = D366DC841E4CE632001D4D2D /* Homework07 */;
			targetProxy = D366DCA51E4CE632001D4D2D /* PBXContainerItemProxy */;
		};
/* End PBXTargetDependency section */

/* Begin PBXVariantGroup section */
		D366DC8C1E4CE632001D4D2D /* Main.storyboard */ = {
			isa = PBXVariantGroup;
			children = (
				D366DC8D1E4CE632001D4D2D /* Base */,
			);
			name = Main.storyboard;
			sourceTree = "<group>";
		};
		D366DC911E4CE632001D4D2D /* LaunchScreen.storyboard */ = {
			isa = PBXVariantGroup;
			children = (
				D366DC921E4CE632001D4D2D /* Base */,
			);
			name = LaunchScreen.storyboard;
			sourceTree = "<group>";
		};
/* End PBXVariantGroup section */

/* Begin XCBuildConfiguration section */
		D366DCAB1E4CE632001D4D2D /* Debug */ = {
			isa = XCBuildConfiguration;
			buildSettings = {
				ALWAYS_SEARCH_USER_PATHS = NO;
				CLANG_ANALYZER_NONNULL = YES;
				CLANG_CXX_LANGUAGE_STANDARD = "gnu++0x";
				CLANG_CXX_LIBRARY = "libc++";
				CLANG_ENABLE_MODULES = YES;
				CLANG_ENABLE_OBJC_ARC = YES;
				CLANG_WARN_BOOL_CONVERSION = YES;
				CLANG_WARN_CONSTANT_CONVERSION = YES;
				CLANG_WARN_DIRECT_OBJC_ISA_USAGE = YES_ERROR;
				CLANG_WARN_DOCUMENTATION_COMMENTS = YES;
				CLANG_WARN_EMPTY_BODY = YES;
				CLANG_WARN_ENUM_CONVERSION = YES;
				CLANG_WARN_INFINITE_RECURSION = YES;
				CLANG_WARN_INT_CONVERSION = YES;
				CLANG_WARN_OBJC_ROOT_CLASS = YES_ERROR;
				CLANG_WARN_SUSPICIOUS_MOVE = YES;
				CLANG_WARN_UNREACHABLE_CODE = YES;
				CLANG_WARN__DUPLICATE_METHOD_MATCH = YES;
				"CODE_SIGN_IDENTITY[sdk=iphoneos*]" = "iPhone Developer";
				COPY_PHASE_STRIP = NO;
				DEBUG_INFORMATION_FORMAT = dwarf;
				ENABLE_STRICT_OBJC_MSGSEND = YES;
				ENABLE_TESTABILITY = YES;
				GCC_C_LANGUAGE_STANDARD = gnu99;
				GCC_DYNAMIC_NO_PIC = NO;
				GCC_NO_COMMON_BLOCKS = YES;
				GCC_OPTIMIZATION_LEVEL = 0;
				GCC_PREPROCESSOR_DEFINITIONS = (
					"DEBUG=1",
					"$(inherited)",
				);
				GCC_WARN_64_TO_32_BIT_CONVERSION = YES;
				GCC_WARN_ABOUT_RETURN_TYPE = YES_ERROR;
				GCC_WARN_UNDECLARED_SELECTOR = YES;
				GCC_WARN_UNINITIALIZED_AUTOS = YES_AGGRESSIVE;
				GCC_WARN_UNUSED_FUNCTION = YES;
				GCC_WARN_UNUSED_VARIABLE = YES;
				IPHONEOS_DEPLOYMENT_TARGET = 10.2;
				MTL_ENABLE_DEBUG_INFO = YES;
				ONLY_ACTIVE_ARCH = YES;
				SDKROOT = iphoneos;
				SWIFT_ACTIVE_COMPILATION_CONDITIONS = DEBUG;
				SWIFT_OPTIMIZATION_LEVEL = "-Onone";
			};
			name = Debug;
		};
		D366DCAC1E4CE632001D4D2D /* Release */ = {
			isa = XCBuildConfiguration;
			buildSettings = {
				ALWAYS_SEARCH_USER_PATHS = NO;
				CLANG_ANALYZER_NONNULL = YES;
				CLANG_CXX_LANGUAGE_STANDARD = "gnu++0x";
				CLANG_CXX_LIBRARY = "libc++";
				CLANG_ENABLE_MODULES = YES;
				CLANG_ENABLE_OBJC_ARC = YES;
				CLANG_WARN_BOOL_CONVERSION = YES;
				CLANG_WARN_CONSTANT_CONVERSION = YES;
				CLANG_WARN_DIRECT_OBJC_ISA_USAGE = YES_ERROR;
				CLANG_WARN_DOCUMENTATION_COMMENTS = YES;
				CLANG_WARN_EMPTY_BODY = YES;
				CLANG_WARN_ENUM_CONVERSION = YES;
				CLANG_WARN_INFINITE_RECURSION = YES;
				CLANG_WARN_INT_CONVERSION = YES;
				CLANG_WARN_OBJC_ROOT_CLASS = YES_ERROR;
				CLANG_WARN_SUSPICIOUS_MOVE = YES;
				CLANG_WARN_UNREACHABLE_CODE = YES;
				CLANG_WARN__DUPLICATE_METHOD_MATCH = YES;
				"CODE_SIGN_IDENTITY[sdk=iphoneos*]" = "iPhone Developer";
				COPY_PHASE_STRIP = NO;
				DEBUG_INFORMATION_FORMAT = "dwarf-with-dsym";
				ENABLE_NS_ASSERTIONS = NO;
				ENABLE_STRICT_OBJC_MSGSEND = YES;
				GCC_C_LANGUAGE_STANDARD = gnu99;
				GCC_NO_COMMON_BLOCKS = YES;
				GCC_WARN_64_TO_32_BIT_CONVERSION = YES;
				GCC_WARN_ABOUT_RETURN_TYPE = YES_ERROR;
				GCC_WARN_UNDECLARED_SELECTOR = YES;
				GCC_WARN_UNINITIALIZED_AUTOS = YES_AGGRESSIVE;
				GCC_WARN_UNUSED_FUNCTION = YES;
				GCC_WARN_UNUSED_VARIABLE = YES;
				IPHONEOS_DEPLOYMENT_TARGET = 10.2;
				MTL_ENABLE_DEBUG_INFO = NO;
				SDKROOT = iphoneos;
				SWIFT_OPTIMIZATION_LEVEL = "-Owholemodule";
				VALIDATE_PRODUCT = YES;
			};
			name = Release;
		};
		D366DCAE1E4CE632001D4D2D /* Debug */ = {
			isa = XCBuildConfiguration;
			buildSettings = {
				ASSETCATALOG_COMPILER_APPICON_NAME = AppIcon;
				INFOPLIST_FILE = Homework07/Info.plist;
				LD_RUNPATH_SEARCH_PATHS = "$(inherited) @executable_path/Frameworks";
				PRODUCT_BUNDLE_IDENTIFIER = edu.wctc.Homework07;
				PRODUCT_NAME = "$(TARGET_NAME)";
				SWIFT_VERSION = 3.0;
			};
			name = Debug;
		};
		D366DCAF1E4CE632001D4D2D /* Release */ = {
			isa = XCBuildConfiguration;
			buildSettings = {
				ASSETCATALOG_COMPILER_APPICON_NAME = AppIcon;
				INFOPLIST_FILE = Homework07/Info.plist;
				LD_RUNPATH_SEARCH_PATHS = "$(inherited) @executable_path/Frameworks";
				PRODUCT_BUNDLE_IDENTIFIER = edu.wctc.Homework07;
				PRODUCT_NAME = "$(TARGET_NAME)";
				SWIFT_VERSION = 3.0;
			};
			name = Release;
		};
		D366DCB11E4CE632001D4D2D /* Debug */ = {
			isa = XCBuildConfiguration;
			buildSettings = {
				ALWAYS_EMBED_SWIFT_STANDARD_LIBRARIES = YES;
				BUNDLE_LOADER = "$(TEST_HOST)";
				INFOPLIST_FILE = Homework07Tests/Info.plist;
				LD_RUNPATH_SEARCH_PATHS = "$(inherited) @executable_path/Frameworks @loader_path/Frameworks";
				PRODUCT_BUNDLE_IDENTIFIER = edu.wctc.Homework07Tests;
				PRODUCT_NAME = "$(TARGET_NAME)";
				SWIFT_VERSION = 3.0;
				TEST_HOST = "$(BUILT_PRODUCTS_DIR)/Homework07.app/Homework07";
			};
			name = Debug;
		};
		D366DCB21E4CE632001D4D2D /* Release */ = {
			isa = XCBuildConfiguration;
			buildSettings = {
				ALWAYS_EMBED_SWIFT_STANDARD_LIBRARIES = YES;
				BUNDLE_LOADER = "$(TEST_HOST)";
				INFOPLIST_FILE = Homework07Tests/Info.plist;
				LD_RUNPATH_SEARCH_PATHS = "$(inherited) @executable_path/Frameworks @loader_path/Frameworks";
				PRODUCT_BUNDLE_IDENTIFIER = edu.wctc.Homework07Tests;
				PRODUCT_NAME = "$(TARGET_NAME)";
				SWIFT_VERSION = 3.0;
				TEST_HOST = "$(BUILT_PRODUCTS_DIR)/Homework07.app/Homework07";
			};
			name = Release;
		};
		D366DCB41E4CE632001D4D2D /* Debug */ = {
			isa = XCBuildConfiguration;
			buildSettings = {
				ALWAYS_EMBED_SWIFT_STANDARD_LIBRARIES = YES;
				INFOPLIST_FILE = Homework07UITests/Info.plist;
				LD_RUNPATH_SEARCH_PATHS = "$(inherited) @executable_path/Frameworks @loader_path/Frameworks";
				PRODUCT_BUNDLE_IDENTIFIER = edu.wctc.Homework07UITests;
				PRODUCT_NAME = "$(TARGET_NAME)";
				SWIFT_VERSION = 3.0;
				TEST_TARGET_NAME = Homework07;
			};
			name = Debug;
		};
		D366DCB51E4CE632001D4D2D /* Release */ = {
			isa = XCBuildConfiguration;
			buildSettings = {
				ALWAYS_EMBED_SWIFT_STANDARD_LIBRARIES = YES;
				INFOPLIST_FILE = Homework07UITests/Info.plist;
				LD_RUNPATH_SEARCH_PATHS = "$(inherited) @executable_path/Frameworks @loader_path/Frameworks";
				PRODUCT_BUNDLE_IDENTIFIER = edu.wctc.Homework07UITests;
				PRODUCT_NAME = "$(TARGET_NAME)";
				SWIFT_VERSION = 3.0;
				TEST_TARGET_NAME = Homework07;
			};
			name = Release;
		};
/* End XCBuildConfiguration section */

/* Begin XCConfigurationList section */
		D366DC801E4CE632001D4D2D /* Build configuration list for PBXProject "Homework07" */ = {
			isa = XCConfigurationList;
			buildConfigurations = (
				D366DCAB1E4CE632001D4D2D /* Debug */,
				D366DCAC1E4CE632001D4D2D /* Release */,
			);
			defaultConfigurationIsVisible = 0;
			defaultConfigurationName = Release;
		};
		D366DCAD1E4CE632001D4D2D /* Build configuration list for PBXNativeTarget "Homework07" */ = {
			isa = XCConfigurationList;
			buildConfigurations = (
				D366DCAE1E4CE632001D4D2D /* Debug */,
				D366DCAF1E4CE632001D4D2D /* Release */,
			);
			defaultConfigurationIsVisible = 0;
		};
		D366DCB01E4CE632001D4D2D /* Build configuration list for PBXNativeTarget "Homework07Tests" */ = {
			isa = XCConfigurationList;
			buildConfigurations = (
				D366DCB11E4CE632001D4D2D /* Debug */,
				D366DCB21E4CE632001D4D2D /* Release */,
			);
			defaultConfigurationIsVisible = 0;
		};
		D366DCB31E4CE632001D4D2D /* Build configuration list for PBXNativeTarget "Homework07UITests" */ = {
			isa = XCConfigurationList;
			buildConfigurations = (
				D366DCB41E4CE632001D4D2D /* Debug */,
				D366DCB51E4CE632001D4D2D /* Release */,
			);
			defaultConfigurationIsVisible = 0;
		};
/* End XCConfigurationList section */
	};
	rootObject = D366DC7D1E4CE632001D4D2D /* Project object */;
}
