// !$*UTF8*$!
{
	archiveVersion = 1;
	classes = {
	};
	objectVersion = 46;
	objects = {

/* Begin PBXBuildFile section */
		D366DC4F1E4CE168001D4D2D /* AppDelegate.swift in Sources */ = {isa = PBXBuildFile; fileRef = D366DC4E1E4CE168001D4D2D /* AppDelegate.swift */; };
		D366DC511E4CE168001D4D2D /* ViewController.swift in Sources */ = {isa = PBXBuildFile; fileRef = D366DC501E4CE168001D4D2D /* ViewController.swift */; };
		D366DC541E4CE168001D4D2D /* Main.storyboard in Resources */ = {isa = PBXBuildFile; fileRef = D366DC521E4CE168001D4D2D /* Main.storyboard */; };
		D366DC561E4CE168001D4D2D /* Assets.xcassets in Resources */ = {isa = PBXBuildFile; fileRef = D366DC551E4CE168001D4D2D /* Assets.xcassets */; };
		D366DC591E4CE168001D4D2D /* LaunchScreen.storyboard in Resources */ = {isa = PBXBuildFile; fileRef = D366DC571E4CE168001D4D2D /* LaunchScreen.storyboard */; };
		D366DC641E4CE168001D4D2D /* Lesson07Lab03Tests.swift in Sources */ = {isa = PBXBuildFile; fileRef = D366DC631E4CE168001D4D2D /* Lesson07Lab03Tests.swift */; };
		D366DC6F1E4CE168001D4D2D /* Lesson07Lab03UITests.swift in Sources */ = {isa = PBXBuildFile; fileRef = D366DC6E1E4CE168001D4D2D /* Lesson07Lab03UITests.swift */; };
/* End PBXBuildFile section */

/* Begin PBXContainerItemProxy section */
		D366DC601E4CE168001D4D2D /* PBXContainerItemProxy */ = {
			isa = PBXContainerItemProxy;
			containerPortal = D366DC431E4CE168001D4D2D /* Project object */;
			proxyType = 1;
			remoteGlobalIDString = D366DC4A1E4CE168001D4D2D;
			remoteInfo = Lesson07Lab03;
		};
		D366DC6B1E4CE168001D4D2D /* PBXContainerItemProxy */ = {
			isa = PBXContainerItemProxy;
			containerPortal = D366DC431E4CE168001D4D2D /* Project object */;
			proxyType = 1;
			remoteGlobalIDString = D366DC4A1E4CE168001D4D2D;
			remoteInfo = Lesson07Lab03;
		};
/* End PBXContainerItemProxy section */

/* Begin PBXFileReference section */
		D366DC4B1E4CE168001D4D2D /* Lesson07Lab03.app */ = {isa = PBXFileReference; explicitFileType = wrapper.application; includeInIndex = 0; path = Lesson07Lab03.app; sourceTree = BUILT_PRODUCTS_DIR; };
		D366DC4E1E4CE168001D4D2D /* AppDelegate.swift */ = {isa = PBXFileReference; lastKnownFileType = sourcecode.swift; path = AppDelegate.swift; sourceTree = "<group>"; };
		D366DC501E4CE168001D4D2D /* ViewController.swift */ = {isa = PBXFileReference; lastKnownFileType = sourcecode.swift; path = ViewController.swift; sourceTree = "<group>"; };
		D366DC531E4CE168001D4D2D /* Base */ = {isa = PBXFileReference; lastKnownFileType = file.storyboard; name = Base; path = Base.lproj/Main.storyboard; sourceTree = "<group>"; };
		D366DC551E4CE168001D4D2D /* Assets.xcassets */ = {isa = PBXFileReference; lastKnownFileType = folder.assetcatalog; path = Assets.xcassets; sourceTree = "<group>"; };
		D366DC581E4CE168001D4D2D /* Base */ = {isa = PBXFileReference; lastKnownFileType = file.storyboard; name = Base; path = Base.lproj/LaunchScreen.storyboard; sourceTree = "<group>"; };
		D366DC5A1E4CE168001D4D2D /* Info.plist */ = {isa = PBXFileReference; lastKnownFileType = text.plist.xml; path = Info.plist; sourceTree = "<group>"; };
		D366DC5F1E4CE168001D4D2D /* Lesson07Lab03Tests.xctest */ = {isa = PBXFileReference; explicitFileType = wrapper.cfbundle; includeInIndex = 0; path = Lesson07Lab03Tests.xctest; sourceTree = BUILT_PRODUCTS_DIR; };
		D366DC631E4CE168001D4D2D /* Lesson07Lab03Tests.swift */ = {isa = PBXFileReference; lastKnownFileType = sourcecode.swift; path = Lesson07Lab03Tests.swift; sourceTree = "<group>"; };
		D366DC651E4CE168001D4D2D /* Info.plist */ = {isa = PBXFileReference; lastKnownFileType = text.plist.xml; path = Info.plist; sourceTree = "<group>"; };
		D366DC6A1E4CE168001D4D2D /* Lesson07Lab03UITests.xctest */ = {isa = PBXFileReference; explicitFileType = wrapper.cfbundle; includeInIndex = 0; path = Lesson07Lab03UITests.xctest; sourceTree = BUILT_PRODUCTS_DIR; };
		D366DC6E1E4CE168001D4D2D /* Lesson07Lab03UITests.swift */ = {isa = PBXFileReference; lastKnownFileType = sourcecode.swift; path = Lesson07Lab03UITests.swift; sourceTree = "<group>"; };
		D366DC701E4CE168001D4D2D /* Info.plist */ = {isa = PBXFileReference; lastKnownFileType = text.plist.xml; path = Info.plist; sourceTree = "<group>"; };
/* End PBXFileReference section */

/* Begin PBXFrameworksBuildPhase section */
		D366DC481E4CE168001D4D2D /* Frameworks */ = {
			isa = PBXFrameworksBuildPhase;
			buildActionMask = 2147483647;
			files = (
			);
			runOnlyForDeploymentPostprocessing = 0;
		};
		D366DC5C1E4CE168001D4D2D /* Frameworks */ = {
			isa = PBXFrameworksBuildPhase;
			buildActionMask = 2147483647;
			files = (
			);
			runOnlyForDeploymentPostprocessing = 0;
		};
		D366DC671E4CE168001D4D2D /* Frameworks */ = {
			isa = PBXFrameworksBuildPhase;
			buildActionMask = 2147483647;
			files = (
			);
			runOnlyForDeploymentPostprocessing = 0;
		};
/* End PBXFrameworksBuildPhase section */

/* Begin PBXGroup section */
		D366DC421E4CE168001D4D2D = {
			isa = PBXGroup;
			children = (
				D366DC4D1E4CE168001D4D2D /* Lesson07Lab03 */,
				D366DC621E4CE168001D4D2D /* Lesson07Lab03Tests */,
				D366DC6D1E4CE168001D4D2D /* Lesson07Lab03UITests */,
				D366DC4C1E4CE168001D4D2D /* Products */,
			);
			sourceTree = "<group>";
		};
		D366DC4C1E4CE168001D4D2D /* Products */ = {
			isa = PBXGroup;
			children = (
				D366DC4B1E4CE168001D4D2D /* Lesson07Lab03.app */,
				D366DC5F1E4CE168001D4D2D /* Lesson07Lab03Tests.xctest */,
				D366DC6A1E4CE168001D4D2D /* Lesson07Lab03UITests.xctest */,
			);
			name = Products;
			sourceTree = "<group>";
		};
		D366DC4D1E4CE168001D4D2D /* Lesson07Lab03 */ = {
			isa = PBXGroup;
			children = (
				D366DC4E1E4CE168001D4D2D /* AppDelegate.swift */,
				D366DC501E4CE168001D4D2D /* ViewController.swift */,
				D366DC521E4CE168001D4D2D /* Main.storyboard */,
				D366DC551E4CE168001D4D2D /* Assets.xcassets */,
				D366DC571E4CE168001D4D2D /* LaunchScreen.storyboard */,
				D366DC5A1E4CE168001D4D2D /* Info.plist */,
			);
			path = Lesson07Lab03;
			sourceTree = "<group>";
		};
		D366DC621E4CE168001D4D2D /* Lesson07Lab03Tests */ = {
			isa = PBXGroup;
			children = (
				D366DC631E4CE168001D4D2D /* Lesson07Lab03Tests.swift */,
				D366DC651E4CE168001D4D2D /* Info.plist */,
			);
			path = Lesson07Lab03Tests;
			sourceTree = "<group>";
		};
		D366DC6D1E4CE168001D4D2D /* Lesson07Lab03UITests */ = {
			isa = PBXGroup;
			children = (
				D366DC6E1E4CE168001D4D2D /* Lesson07Lab03UITests.swift */,
				D366DC701E4CE168001D4D2D /* Info.plist */,
			);
			path = Lesson07Lab03UITests;
			sourceTree = "<group>";
		};
/* End PBXGroup section */

/* Begin PBXNativeTarget section */
		D366DC4A1E4CE168001D4D2D /* Lesson07Lab03 */ = {
			isa = PBXNativeTarget;
			buildConfigurationList = D366DC731E4CE168001D4D2D /* Build configuration list for PBXNativeTarget "Lesson07Lab03" */;
			buildPhases = (
				D366DC471E4CE168001D4D2D /* Sources */,
				D366DC481E4CE168001D4D2D /* Frameworks */,
				D366DC491E4CE168001D4D2D /* Resources */,
			);
			buildRules = (
			);
			dependencies = (
			);
			name = Lesson07Lab03;
			productName = Lesson07Lab03;
			productReference = D366DC4B1E4CE168001D4D2D /* Lesson07Lab03.app */;
			productType = "com.apple.product-type.application";
		};
		D366DC5E1E4CE168001D4D2D /* Lesson07Lab03Tests */ = {
			isa = PBXNativeTarget;
			buildConfigurationList = D366DC761E4CE168001D4D2D /* Build configuration list for PBXNativeTarget "Lesson07Lab03Tests" */;
			buildPhases = (
				D366DC5B1E4CE168001D4D2D /* Sources */,
				D366DC5C1E4CE168001D4D2D /* Frameworks */,
				D366DC5D1E4CE168001D4D2D /* Resources */,
			);
			buildRules = (
			);
			dependencies = (
				D366DC611E4CE168001D4D2D /* PBXTargetDependency */,
			);
			name = Lesson07Lab03Tests;
			productName = Lesson07Lab03Tests;
			productReference = D366DC5F1E4CE168001D4D2D /* Lesson07Lab03Tests.xctest */;
			productType = "com.apple.product-type.bundle.unit-test";
		};
		D366DC691E4CE168001D4D2D /* Lesson07Lab03UITests */ = {
			isa = PBXNativeTarget;
			buildConfigurationList = D366DC791E4CE168001D4D2D /* Build configuration list for PBXNativeTarget "Lesson07Lab03UITests" */;
			buildPhases = (
				D366DC661E4CE168001D4D2D /* Sources */,
				D366DC671E4CE168001D4D2D /* Frameworks */,
				D366DC681E4CE168001D4D2D /* Resources */,
			);
			buildRules = (
			);
			dependencies = (
				D366DC6C1E4CE168001D4D2D /* PBXTargetDependency */,
			);
			name = Lesson07Lab03UITests;
			productName = Lesson07Lab03UITests;
			productReference = D366DC6A1E4CE168001D4D2D /* Lesson07Lab03UITests.xctest */;
			productType = "com.apple.product-type.bundle.ui-testing";
		};
/* End PBXNativeTarget section */

/* Begin PBXProject section */
		D366DC431E4CE168001D4D2D /* Project object */ = {
			isa = PBXProject;
			attributes = {
				LastSwiftUpdateCheck = 0820;
				LastUpgradeCheck = 0820;
				ORGANIZATIONNAME = bitstudent;
				TargetAttributes = {
					D366DC4A1E4CE168001D4D2D = {
						CreatedOnToolsVersion = 8.2.1;
						ProvisioningStyle = Automatic;
					};
					D366DC5E1E4CE168001D4D2D = {
						CreatedOnToolsVersion = 8.2.1;
						ProvisioningStyle = Automatic;
						TestTargetID = D366DC4A1E4CE168001D4D2D;
					};
					D366DC691E4CE168001D4D2D = {
						CreatedOnToolsVersion = 8.2.1;
						ProvisioningStyle = Automatic;
						TestTargetID = D366DC4A1E4CE168001D4D2D;
					};
				};
			};
			buildConfigurationList = D366DC461E4CE168001D4D2D /* Build configuration list for PBXProject "Lesson07Lab03" */;
			compatibilityVersion = "Xcode 3.2";
			developmentRegion = English;
			hasScannedForEncodings = 0;
			knownRegions = (
				en,
				Base,
			);
			mainGroup = D366DC421E4CE168001D4D2D;
			productRefGroup = D366DC4C1E4CE168001D4D2D /* Products */;
			projectDirPath = "";
			projectRoot = "";
			targets = (
				D366DC4A1E4CE168001D4D2D /* Lesson07Lab03 */,
				D366DC5E1E4CE168001D4D2D /* Lesson07Lab03Tests */,
				D366DC691E4CE168001D4D2D /* Lesson07Lab03UITests */,
			);
		};
/* End PBXProject section */

/* Begin PBXResourcesBuildPhase section */
		D366DC491E4CE168001D4D2D /* Resources */ = {
			isa = PBXResourcesBuildPhase;
			buildActionMask = 2147483647;
			files = (
				D366DC591E4CE168001D4D2D /* LaunchScreen.storyboard in Resources */,
				D366DC561E4CE168001D4D2D /* Assets.xcassets in Resources */,
				D366DC541E4CE168001D4D2D /* Main.storyboard in Resources */,
			);
			runOnlyForDeploymentPostprocessing = 0;
		};
		D366DC5D1E4CE168001D4D2D /* Resources */ = {
			isa = PBXResourcesBuildPhase;
			buildActionMask = 2147483647;
			files = (
			);
			runOnlyForDeploymentPostprocessing = 0;
		};
		D366DC681E4CE168001D4D2D /* Resources */ = {
			isa = PBXResourcesBuildPhase;
			buildActionMask = 2147483647;
			files = (
			);
			runOnlyForDeploymentPostprocessing = 0;
		};
/* End PBXResourcesBuildPhase section */

/* Begin PBXSourcesBuildPhase section */
		D366DC471E4CE168001D4D2D /* Sources */ = {
			isa = PBXSourcesBuildPhase;
			buildActionMask = 2147483647;
			files = (
				D366DC511E4CE168001D4D2D /* ViewController.swift in Sources */,
				D366DC4F1E4CE168001D4D2D /* AppDelegate.swift in Sources */,
			);
			runOnlyForDeploymentPostprocessing = 0;
		};
		D366DC5B1E4CE168001D4D2D /* Sources */ = {
			isa = PBXSourcesBuildPhase;
			buildActionMask = 2147483647;
			files = (
				D366DC641E4CE168001D4D2D /* Lesson07Lab03Tests.swift in Sources */,
			);
			runOnlyForDeploymentPostprocessing = 0;
		};
		D366DC661E4CE168001D4D2D /* Sources */ = {
			isa = PBXSourcesBuildPhase;
			buildActionMask = 2147483647;
			files = (
				D366DC6F1E4CE168001D4D2D /* Lesson07Lab03UITests.swift in Sources */,
			);
			runOnlyForDeploymentPostprocessing = 0;
		};
/* End PBXSourcesBuildPhase section */

/* Begin PBXTargetDependency section */
		D366DC611E4CE168001D4D2D /* PBXTargetDependency */ = {
			isa = PBXTargetDependency;
			target = D366DC4A1E4CE168001D4D2D /* Lesson07Lab03 */;
			targetProxy = D366DC601E4CE168001D4D2D /* PBXContainerItemProxy */;
		};
		D366DC6C1E4CE168001D4D2D /* PBXTargetDependency */ = {
			isa = PBXTargetDependency;
			target = D366DC4A1E4CE168001D4D2D /* Lesson07Lab03 */;
			targetProxy = D366DC6B1E4CE168001D4D2D /* PBXContainerItemProxy */;
		};
/* End PBXTargetDependency section */

/* Begin PBXVariantGroup section */
		D366DC521E4CE168001D4D2D /* Main.storyboard */ = {
			isa = PBXVariantGroup;
			children = (
				D366DC531E4CE168001D4D2D /* Base */,
			);
			name = Main.storyboard;
			sourceTree = "<group>";
		};
		D366DC571E4CE168001D4D2D /* LaunchScreen.storyboard */ = {
			isa = PBXVariantGroup;
			children = (
				D366DC581E4CE168001D4D2D /* Base */,
			);
			name = LaunchScreen.storyboard;
			sourceTree = "<group>";
		};
/* End PBXVariantGroup section */

/* Begin XCBuildConfiguration section */
		D366DC711E4CE168001D4D2D /* Debug */ = {
			isa = XCBuildConfiguration;
			buildSettings = {
				ALWAYS_SEARCH_USER_PATHS = NO;
				CLANG_ANALYZER_NONNULL = YES;
				CLANG_CXX_LANGUAGE_STANDARD = "gnu++0x";
				CLANG_CXX_LIBRARY = "libc++";
				CLANG_ENABLE_MODULES = YES;
				CLANG_ENABLE_OBJC_ARC = YES;
				CLANG_WARN_BOOL_CONVERSION = YES;
				CLANG_WARN_CONSTANT_CONVERSION = YES;
				CLANG_WARN_DIRECT_OBJC_ISA_USAGE = YES_ERROR;
				CLANG_WARN_DOCUMENTATION_COMMENTS = YES;
				CLANG_WARN_EMPTY_BODY = YES;
				CLANG_WARN_ENUM_CONVERSION = YES;
				CLANG_WARN_INFINITE_RECURSION = YES;
				CLANG_WARN_INT_CONVERSION = YES;
				CLANG_WARN_OBJC_ROOT_CLASS = YES_ERROR;
				CLANG_WARN_SUSPICIOUS_MOVE = YES;
				CLANG_WARN_UNREACHABLE_CODE = YES;
				CLANG_WARN__DUPLICATE_METHOD_MATCH = YES;
				"CODE_SIGN_IDENTITY[sdk=iphoneos*]" = "iPhone Developer";
				COPY_PHASE_STRIP = NO;
				DEBUG_INFORMATION_FORMAT = dwarf;
				ENABLE_STRICT_OBJC_MSGSEND = YES;
				ENABLE_TESTABILITY = YES;
				GCC_C_LANGUAGE_STANDARD = gnu99;
				GCC_DYNAMIC_NO_PIC = NO;
				GCC_NO_COMMON_BLOCKS = YES;
				GCC_OPTIMIZATION_LEVEL = 0;
				GCC_PREPROCESSOR_DEFINITIONS = (
					"DEBUG=1",
					"$(inherited)",
				);
				GCC_WARN_64_TO_32_BIT_CONVERSION = YES;
				GCC_WARN_ABOUT_RETURN_TYPE = YES_ERROR;
				GCC_WARN_UNDECLARED_SELECTOR = YES;
				GCC_WARN_UNINITIALIZED_AUTOS = YES_AGGRESSIVE;
				GCC_WARN_UNUSED_FUNCTION = YES;
				GCC_WARN_UNUSED_VARIABLE = YES;
				IPHONEOS_DEPLOYMENT_TARGET = 10.2;
				MTL_ENABLE_DEBUG_INFO = YES;
				ONLY_ACTIVE_ARCH = YES;
				SDKROOT = iphoneos;
				SWIFT_ACTIVE_COMPILATION_CONDITIONS = DEBUG;
				SWIFT_OPTIMIZATION_LEVEL = "-Onone";
			};
			name = Debug;
		};
		D366DC721E4CE168001D4D2D /* Release */ = {
			isa = XCBuildConfiguration;
			buildSettings = {
				ALWAYS_SEARCH_USER_PATHS = NO;
				CLANG_ANALYZER_NONNULL = YES;
				CLANG_CXX_LANGUAGE_STANDARD = "gnu++0x";
				CLANG_CXX_LIBRARY = "libc++";
				CLANG_ENABLE_MODULES = YES;
				CLANG_ENABLE_OBJC_ARC = YES;
				CLANG_WARN_BOOL_CONVERSION = YES;
				CLANG_WARN_CONSTANT_CONVERSION = YES;
				CLANG_WARN_DIRECT_OBJC_ISA_USAGE = YES_ERROR;
				CLANG_WARN_DOCUMENTATION_COMMENTS = YES;
				CLANG_WARN_EMPTY_BODY = YES;
				CLANG_WARN_ENUM_CONVERSION = YES;
				CLANG_WARN_INFINITE_RECURSION = YES;
				CLANG_WARN_INT_CONVERSION = YES;
				CLANG_WARN_OBJC_ROOT_CLASS = YES_ERROR;
				CLANG_WARN_SUSPICIOUS_MOVE = YES;
				CLANG_WARN_UNREACHABLE_CODE = YES;
				CLANG_WARN__DUPLICATE_METHOD_MATCH = YES;
				"CODE_SIGN_IDENTITY[sdk=iphoneos*]" = "iPhone Developer";
				COPY_PHASE_STRIP = NO;
				DEBUG_INFORMATION_FORMAT = "dwarf-with-dsym";
				ENABLE_NS_ASSERTIONS = NO;
				ENABLE_STRICT_OBJC_MSGSEND = YES;
				GCC_C_LANGUAGE_STANDARD = gnu99;
				GCC_NO_COMMON_BLOCKS = YES;
				GCC_WARN_64_TO_32_BIT_CONVERSION = YES;
				GCC_WARN_ABOUT_RETURN_TYPE = YES_ERROR;
				GCC_WARN_UNDECLARED_SELECTOR = YES;
				GCC_WARN_UNINITIALIZED_AUTOS = YES_AGGRESSIVE;
				GCC_WARN_UNUSED_FUNCTION = YES;
				GCC_WARN_UNUSED_VARIABLE = YES;
				IPHONEOS_DEPLOYMENT_TARGET = 10.2;
				MTL_ENABLE_DEBUG_INFO = NO;
				SDKROOT = iphoneos;
				SWIFT_OPTIMIZATION_LEVEL = "-Owholemodule";
				VALIDATE_PRODUCT = YES;
			};
			name = Release;
		};
		D366DC741E4CE168001D4D2D /* Debug */ = {
			isa = XCBuildConfiguration;
			buildSettings = {
				ASSETCATALOG_COMPILER_APPICON_NAME = AppIcon;
				INFOPLIST_FILE = Lesson07Lab03/Info.plist;
				LD_RUNPATH_SEARCH_PATHS = "$(inherited) @executable_path/Frameworks";
				PRODUCT_BUNDLE_IDENTIFIER = edu.wctc.Lesson07Lab03;
				PRODUCT_NAME = "$(TARGET_NAME)";
				SWIFT_VERSION = 3.0;
			};
			name = Debug;
		};
		D366DC751E4CE168001D4D2D /* Release */ = {
			isa = XCBuildConfiguration;
			buildSettings = {
				ASSETCATALOG_COMPILER_APPICON_NAME = AppIcon;
				INFOPLIST_FILE = Lesson07Lab03/Info.plist;
				LD_RUNPATH_SEARCH_PATHS = "$(inherited) @executable_path/Frameworks";
				PRODUCT_BUNDLE_IDENTIFIER = edu.wctc.Lesson07Lab03;
				PRODUCT_NAME = "$(TARGET_NAME)";
				SWIFT_VERSION = 3.0;
			};
			name = Release;
		};
		D366DC771E4CE168001D4D2D /* Debug */ = {
			isa = XCBuildConfiguration;
			buildSettings = {
				ALWAYS_EMBED_SWIFT_STANDARD_LIBRARIES = YES;
				BUNDLE_LOADER = "$(TEST_HOST)";
				INFOPLIST_FILE = Lesson07Lab03Tests/Info.plist;
				LD_RUNPATH_SEARCH_PATHS = "$(inherited) @executable_path/Frameworks @loader_path/Frameworks";
				PRODUCT_BUNDLE_IDENTIFIER = edu.wctc.Lesson07Lab03Tests;
				PRODUCT_NAME = "$(TARGET_NAME)";
				SWIFT_VERSION = 3.0;
				TEST_HOST = "$(BUILT_PRODUCTS_DIR)/Lesson07Lab03.app/Lesson07Lab03";
			};
			name = Debug;
		};
		D366DC781E4CE168001D4D2D /* Release */ = {
			isa = XCBuildConfiguration;
			buildSettings = {
				ALWAYS_EMBED_SWIFT_STANDARD_LIBRARIES = YES;
				BUNDLE_LOADER = "$(TEST_HOST)";
				INFOPLIST_FILE = Lesson07Lab03Tests/Info.plist;
				LD_RUNPATH_SEARCH_PATHS = "$(inherited) @executable_path/Frameworks @loader_path/Frameworks";
				PRODUCT_BUNDLE_IDENTIFIER = edu.wctc.Lesson07Lab03Tests;
				PRODUCT_NAME = "$(TARGET_NAME)";
				SWIFT_VERSION = 3.0;
				TEST_HOST = "$(BUILT_PRODUCTS_DIR)/Lesson07Lab03.app/Lesson07Lab03";
			};
			name = Release;
		};
		D366DC7A1E4CE168001D4D2D /* Debug */ = {
			isa = XCBuildConfiguration;
			buildSettings = {
				ALWAYS_EMBED_SWIFT_STANDARD_LIBRARIES = YES;
				INFOPLIST_FILE = Lesson07Lab03UITests/Info.plist;
				LD_RUNPATH_SEARCH_PATHS = "$(inherited) @executable_path/Frameworks @loader_path/Frameworks";
				PRODUCT_BUNDLE_IDENTIFIER = edu.wctc.Lesson07Lab03UITests;
				PRODUCT_NAME = "$(TARGET_NAME)";
				SWIFT_VERSION = 3.0;
				TEST_TARGET_NAME = Lesson07Lab03;
			};
			name = Debug;
		};
		D366DC7B1E4CE168001D4D2D /* Release */ = {
			isa = XCBuildConfiguration;
			buildSettings = {
				ALWAYS_EMBED_SWIFT_STANDARD_LIBRARIES = YES;
				INFOPLIST_FILE = Lesson07Lab03UITests/Info.plist;
				LD_RUNPATH_SEARCH_PATHS = "$(inherited) @executable_path/Frameworks @loader_path/Frameworks";
				PRODUCT_BUNDLE_IDENTIFIER = edu.wctc.Lesson07Lab03UITests;
				PRODUCT_NAME = "$(TARGET_NAME)";
				SWIFT_VERSION = 3.0;
				TEST_TARGET_NAME = Lesson07Lab03;
			};
			name = Release;
		};
/* End XCBuildConfiguration section */

/* Begin XCConfigurationList section */
		D366DC461E4CE168001D4D2D /* Build configuration list for PBXProject "Lesson07Lab03" */ = {
			isa = XCConfigurationList;
			buildConfigurations = (
				D366DC711E4CE168001D4D2D /* Debug */,
				D366DC721E4CE168001D4D2D /* Release */,
			);
			defaultConfigurationIsVisible = 0;
			defaultConfigurationName = Release;
		};
		D366DC731E4CE168001D4D2D /* Build configuration list for PBXNativeTarget "Lesson07Lab03" */ = {
			isa = XCConfigurationList;
			buildConfigurations = (
				D366DC741E4CE168001D4D2D /* Debug */,
				D366DC751E4CE168001D4D2D /* Release */,
			);
			defaultConfigurationIsVisible = 0;
		};
		D366DC761E4CE168001D4D2D /* Build configuration list for PBXNativeTarget "Lesson07Lab03Tests" */ = {
			isa = XCConfigurationList;
			buildConfigurations = (
				D366DC771E4CE168001D4D2D /* Debug */,
				D366DC781E4CE168001D4D2D /* Release */,
			);
			defaultConfigurationIsVisible = 0;
		};
		D366DC791E4CE168001D4D2D /* Build configuration list for PBXNativeTarget "Lesson07Lab03UITests" */ = {
			isa = XCConfigurationList;
			buildConfigurations = (
				D366DC7A1E4CE168001D4D2D /* Debug */,
				D366DC7B1E4CE168001D4D2D /* Release */,
			);
			defaultConfigurationIsVisible = 0;
		};
/* End XCConfigurationList section */
	};
	rootObject = D366DC431E4CE168001D4D2D /* Project object */;
}
