// !$*UTF8*$!
{
	archiveVersion = 1;
	classes = {
	};
	objectVersion = 46;
	objects = {

/* Begin PBXBuildFile section */
		D3E11B231E537E3800BDCA2C /* AppDelegate.swift in Sources */ = {isa = PBXBuildFile; fileRef = D3E11B221E537E3800BDCA2C /* AppDelegate.swift */; };
		D3E11B251E537E3800BDCA2C /* ViewController.swift in Sources */ = {isa = PBXBuildFile; fileRef = D3E11B241E537E3800BDCA2C /* ViewController.swift */; };
		D3E11B281E537E3800BDCA2C /* Main.storyboard in Resources */ = {isa = PBXBuildFile; fileRef = D3E11B261E537E3800BDCA2C /* Main.storyboard */; };
		D3E11B2A1E537E3800BDCA2C /* Assets.xcassets in Resources */ = {isa = PBXBuildFile; fileRef = D3E11B291E537E3800BDCA2C /* Assets.xcassets */; };
		D3E11B2D1E537E3800BDCA2C /* LaunchScreen.storyboard in Resources */ = {isa = PBXBuildFile; fileRef = D3E11B2B1E537E3800BDCA2C /* LaunchScreen.storyboard */; };
		D3E11B381E537E3900BDCA2C /* Lesson08Lab04Tests.swift in Sources */ = {isa = PBXBuildFile; fileRef = D3E11B371E537E3900BDCA2C /* Lesson08Lab04Tests.swift */; };
		D3E11B431E537E3900BDCA2C /* Lesson08Lab04UITests.swift in Sources */ = {isa = PBXBuildFile; fileRef = D3E11B421E537E3900BDCA2C /* Lesson08Lab04UITests.swift */; };
/* End PBXBuildFile section */

/* Begin PBXContainerItemProxy section */
		D3E11B341E537E3900BDCA2C /* PBXContainerItemProxy */ = {
			isa = PBXContainerItemProxy;
			containerPortal = D3E11B171E537E3800BDCA2C /* Project object */;
			proxyType = 1;
			remoteGlobalIDString = D3E11B1E1E537E3800BDCA2C;
			remoteInfo = Lesson08Lab04;
		};
		D3E11B3F1E537E3900BDCA2C /* PBXContainerItemProxy */ = {
			isa = PBXContainerItemProxy;
			containerPortal = D3E11B171E537E3800BDCA2C /* Project object */;
			proxyType = 1;
			remoteGlobalIDString = D3E11B1E1E537E3800BDCA2C;
			remoteInfo = Lesson08Lab04;
		};
/* End PBXContainerItemProxy section */

/* Begin PBXFileReference section */
		D3E11B1F1E537E3800BDCA2C /* Lesson08Lab04.app */ = {isa = PBXFileReference; explicitFileType = wrapper.application; includeInIndex = 0; path = Lesson08Lab04.app; sourceTree = BUILT_PRODUCTS_DIR; };
		D3E11B221E537E3800BDCA2C /* AppDelegate.swift */ = {isa = PBXFileReference; lastKnownFileType = sourcecode.swift; path = AppDelegate.swift; sourceTree = "<group>"; };
		D3E11B241E537E3800BDCA2C /* ViewController.swift */ = {isa = PBXFileReference; lastKnownFileType = sourcecode.swift; path = ViewController.swift; sourceTree = "<group>"; };
		D3E11B271E537E3800BDCA2C /* Base */ = {isa = PBXFileReference; lastKnownFileType = file.storyboard; name = Base; path = Base.lproj/Main.storyboard; sourceTree = "<group>"; };
		D3E11B291E537E3800BDCA2C /* Assets.xcassets */ = {isa = PBXFileReference; lastKnownFileType = folder.assetcatalog; path = Assets.xcassets; sourceTree = "<group>"; };
		D3E11B2C1E537E3800BDCA2C /* Base */ = {isa = PBXFileReference; lastKnownFileType = file.storyboard; name = Base; path = Base.lproj/LaunchScreen.storyboard; sourceTree = "<group>"; };
		D3E11B2E1E537E3800BDCA2C /* Info.plist */ = {isa = PBXFileReference; lastKnownFileType = text.plist.xml; path = Info.plist; sourceTree = "<group>"; };
		D3E11B331E537E3900BDCA2C /* Lesson08Lab04Tests.xctest */ = {isa = PBXFileReference; explicitFileType = wrapper.cfbundle; includeInIndex = 0; path = Lesson08Lab04Tests.xctest; sourceTree = BUILT_PRODUCTS_DIR; };
		D3E11B371E537E3900BDCA2C /* Lesson08Lab04Tests.swift */ = {isa = PBXFileReference; lastKnownFileType = sourcecode.swift; path = Lesson08Lab04Tests.swift; sourceTree = "<group>"; };
		D3E11B391E537E3900BDCA2C /* Info.plist */ = {isa = PBXFileReference; lastKnownFileType = text.plist.xml; path = Info.plist; sourceTree = "<group>"; };
		D3E11B3E1E537E3900BDCA2C /* Lesson08Lab04UITests.xctest */ = {isa = PBXFileReference; explicitFileType = wrapper.cfbundle; includeInIndex = 0; path = Lesson08Lab04UITests.xctest; sourceTree = BUILT_PRODUCTS_DIR; };
		D3E11B421E537E3900BDCA2C /* Lesson08Lab04UITests.swift */ = {isa = PBXFileReference; lastKnownFileType = sourcecode.swift; path = Lesson08Lab04UITests.swift; sourceTree = "<group>"; };
		D3E11B441E537E3900BDCA2C /* Info.plist */ = {isa = PBXFileReference; lastKnownFileType = text.plist.xml; path = Info.plist; sourceTree = "<group>"; };
/* End PBXFileReference section */

/* Begin PBXFrameworksBuildPhase section */
		D3E11B1C1E537E3800BDCA2C /* Frameworks */ = {
			isa = PBXFrameworksBuildPhase;
			buildActionMask = 2147483647;
			files = (
			);
			runOnlyForDeploymentPostprocessing = 0;
		};
		D3E11B301E537E3900BDCA2C /* Frameworks */ = {
			isa = PBXFrameworksBuildPhase;
			buildActionMask = 2147483647;
			files = (
			);
			runOnlyForDeploymentPostprocessing = 0;
		};
		D3E11B3B1E537E3900BDCA2C /* Frameworks */ = {
			isa = PBXFrameworksBuildPhase;
			buildActionMask = 2147483647;
			files = (
			);
			runOnlyForDeploymentPostprocessing = 0;
		};
/* End PBXFrameworksBuildPhase section */

/* Begin PBXGroup section */
		D3E11B161E537E3800BDCA2C = {
			isa = PBXGroup;
			children = (
				D3E11B211E537E3800BDCA2C /* Lesson08Lab04 */,
				D3E11B361E537E3900BDCA2C /* Lesson08Lab04Tests */,
				D3E11B411E537E3900BDCA2C /* Lesson08Lab04UITests */,
				D3E11B201E537E3800BDCA2C /* Products */,
			);
			sourceTree = "<group>";
		};
		D3E11B201E537E3800BDCA2C /* Products */ = {
			isa = PBXGroup;
			children = (
				D3E11B1F1E537E3800BDCA2C /* Lesson08Lab04.app */,
				D3E11B331E537E3900BDCA2C /* Lesson08Lab04Tests.xctest */,
				D3E11B3E1E537E3900BDCA2C /* Lesson08Lab04UITests.xctest */,
			);
			name = Products;
			sourceTree = "<group>";
		};
		D3E11B211E537E3800BDCA2C /* Lesson08Lab04 */ = {
			isa = PBXGroup;
			children = (
				D3E11B221E537E3800BDCA2C /* AppDelegate.swift */,
				D3E11B241E537E3800BDCA2C /* ViewController.swift */,
				D3E11B261E537E3800BDCA2C /* Main.storyboard */,
				D3E11B291E537E3800BDCA2C /* Assets.xcassets */,
				D3E11B2B1E537E3800BDCA2C /* LaunchScreen.storyboard */,
				D3E11B2E1E537E3800BDCA2C /* Info.plist */,
			);
			path = Lesson08Lab04;
			sourceTree = "<group>";
		};
		D3E11B361E537E3900BDCA2C /* Lesson08Lab04Tests */ = {
			isa = PBXGroup;
			children = (
				D3E11B371E537E3900BDCA2C /* Lesson08Lab04Tests.swift */,
				D3E11B391E537E3900BDCA2C /* Info.plist */,
			);
			path = Lesson08Lab04Tests;
			sourceTree = "<group>";
		};
		D3E11B411E537E3900BDCA2C /* Lesson08Lab04UITests */ = {
			isa = PBXGroup;
			children = (
				D3E11B421E537E3900BDCA2C /* Lesson08Lab04UITests.swift */,
				D3E11B441E537E3900BDCA2C /* Info.plist */,
			);
			path = Lesson08Lab04UITests;
			sourceTree = "<group>";
		};
/* End PBXGroup section */

/* Begin PBXNativeTarget section */
		D3E11B1E1E537E3800BDCA2C /* Lesson08Lab04 */ = {
			isa = PBXNativeTarget;
			buildConfigurationList = D3E11B471E537E3900BDCA2C /* Build configuration list for PBXNativeTarget "Lesson08Lab04" */;
			buildPhases = (
				D3E11B1B1E537E3800BDCA2C /* Sources */,
				D3E11B1C1E537E3800BDCA2C /* Frameworks */,
				D3E11B1D1E537E3800BDCA2C /* Resources */,
			);
			buildRules = (
			);
			dependencies = (
			);
			name = Lesson08Lab04;
			productName = Lesson08Lab04;
			productReference = D3E11B1F1E537E3800BDCA2C /* Lesson08Lab04.app */;
			productType = "com.apple.product-type.application";
		};
		D3E11B321E537E3900BDCA2C /* Lesson08Lab04Tests */ = {
			isa = PBXNativeTarget;
			buildConfigurationList = D3E11B4A1E537E3900BDCA2C /* Build configuration list for PBXNativeTarget "Lesson08Lab04Tests" */;
			buildPhases = (
				D3E11B2F1E537E3900BDCA2C /* Sources */,
				D3E11B301E537E3900BDCA2C /* Frameworks */,
				D3E11B311E537E3900BDCA2C /* Resources */,
			);
			buildRules = (
			);
			dependencies = (
				D3E11B351E537E3900BDCA2C /* PBXTargetDependency */,
			);
			name = Lesson08Lab04Tests;
			productName = Lesson08Lab04Tests;
			productReference = D3E11B331E537E3900BDCA2C /* Lesson08Lab04Tests.xctest */;
			productType = "com.apple.product-type.bundle.unit-test";
		};
		D3E11B3D1E537E3900BDCA2C /* Lesson08Lab04UITests */ = {
			isa = PBXNativeTarget;
			buildConfigurationList = D3E11B4D1E537E3900BDCA2C /* Build configuration list for PBXNativeTarget "Lesson08Lab04UITests" */;
			buildPhases = (
				D3E11B3A1E537E3900BDCA2C /* Sources */,
				D3E11B3B1E537E3900BDCA2C /* Frameworks */,
				D3E11B3C1E537E3900BDCA2C /* Resources */,
			);
			buildRules = (
			);
			dependencies = (
				D3E11B401E537E3900BDCA2C /* PBXTargetDependency */,
			);
			name = Lesson08Lab04UITests;
			productName = Lesson08Lab04UITests;
			productReference = D3E11B3E1E537E3900BDCA2C /* Lesson08Lab04UITests.xctest */;
			productType = "com.apple.product-type.bundle.ui-testing";
		};
/* End PBXNativeTarget section */

/* Begin PBXProject section */
		D3E11B171E537E3800BDCA2C /* Project object */ = {
			isa = PBXProject;
			attributes = {
				LastSwiftUpdateCheck = 0820;
				LastUpgradeCheck = 0820;
				ORGANIZATIONNAME = bitstudent;
				TargetAttributes = {
					D3E11B1E1E537E3800BDCA2C = {
						CreatedOnToolsVersion = 8.2.1;
						ProvisioningStyle = Automatic;
					};
					D3E11B321E537E3900BDCA2C = {
						CreatedOnToolsVersion = 8.2.1;
						ProvisioningStyle = Automatic;
						TestTargetID = D3E11B1E1E537E3800BDCA2C;
					};
					D3E11B3D1E537E3900BDCA2C = {
						CreatedOnToolsVersion = 8.2.1;
						ProvisioningStyle = Automatic;
						TestTargetID = D3E11B1E1E537E3800BDCA2C;
					};
				};
			};
			buildConfigurationList = D3E11B1A1E537E3800BDCA2C /* Build configuration list for PBXProject "Lesson08Lab04" */;
			compatibilityVersion = "Xcode 3.2";
			developmentRegion = English;
			hasScannedForEncodings = 0;
			knownRegions = (
				en,
				Base,
			);
			mainGroup = D3E11B161E537E3800BDCA2C;
			productRefGroup = D3E11B201E537E3800BDCA2C /* Products */;
			projectDirPath = "";
			projectRoot = "";
			targets = (
				D3E11B1E1E537E3800BDCA2C /* Lesson08Lab04 */,
				D3E11B321E537E3900BDCA2C /* Lesson08Lab04Tests */,
				D3E11B3D1E537E3900BDCA2C /* Lesson08Lab04UITests */,
			);
		};
/* End PBXProject section */

/* Begin PBXResourcesBuildPhase section */
		D3E11B1D1E537E3800BDCA2C /* Resources */ = {
			isa = PBXResourcesBuildPhase;
			buildActionMask = 2147483647;
			files = (
				D3E11B2D1E537E3800BDCA2C /* LaunchScreen.storyboard in Resources */,
				D3E11B2A1E537E3800BDCA2C /* Assets.xcassets in Resources */,
				D3E11B281E537E3800BDCA2C /* Main.storyboard in Resources */,
			);
			runOnlyForDeploymentPostprocessing = 0;
		};
		D3E11B311E537E3900BDCA2C /* Resources */ = {
			isa = PBXResourcesBuildPhase;
			buildActionMask = 2147483647;
			files = (
			);
			runOnlyForDeploymentPostprocessing = 0;
		};
		D3E11B3C1E537E3900BDCA2C /* Resources */ = {
			isa = PBXResourcesBuildPhase;
			buildActionMask = 2147483647;
			files = (
			);
			runOnlyForDeploymentPostprocessing = 0;
		};
/* End PBXResourcesBuildPhase section */

/* Begin PBXSourcesBuildPhase section */
		D3E11B1B1E537E3800BDCA2C /* Sources */ = {
			isa = PBXSourcesBuildPhase;
			buildActionMask = 2147483647;
			files = (
				D3E11B251E537E3800BDCA2C /* ViewController.swift in Sources */,
				D3E11B231E537E3800BDCA2C /* AppDelegate.swift in Sources */,
			);
			runOnlyForDeploymentPostprocessing = 0;
		};
		D3E11B2F1E537E3900BDCA2C /* Sources */ = {
			isa = PBXSourcesBuildPhase;
			buildActionMask = 2147483647;
			files = (
				D3E11B381E537E3900BDCA2C /* Lesson08Lab04Tests.swift in Sources */,
			);
			runOnlyForDeploymentPostprocessing = 0;
		};
		D3E11B3A1E537E3900BDCA2C /* Sources */ = {
			isa = PBXSourcesBuildPhase;
			buildActionMask = 2147483647;
			files = (
				D3E11B431E537E3900BDCA2C /* Lesson08Lab04UITests.swift in Sources */,
			);
			runOnlyForDeploymentPostprocessing = 0;
		};
/* End PBXSourcesBuildPhase section */

/* Begin PBXTargetDependency section */
		D3E11B351E537E3900BDCA2C /* PBXTargetDependency */ = {
			isa = PBXTargetDependency;
			target = D3E11B1E1E537E3800BDCA2C /* Lesson08Lab04 */;
			targetProxy = D3E11B341E537E3900BDCA2C /* PBXContainerItemProxy */;
		};
		D3E11B401E537E3900BDCA2C /* PBXTargetDependency */ = {
			isa = PBXTargetDependency;
			target = D3E11B1E1E537E3800BDCA2C /* Lesson08Lab04 */;
			targetProxy = D3E11B3F1E537E3900BDCA2C /* PBXContainerItemProxy */;
		};
/* End PBXTargetDependency section */

/* Begin PBXVariantGroup section */
		D3E11B261E537E3800BDCA2C /* Main.storyboard */ = {
			isa = PBXVariantGroup;
			children = (
				D3E11B271E537E3800BDCA2C /* Base */,
			);
			name = Main.storyboard;
			sourceTree = "<group>";
		};
		D3E11B2B1E537E3800BDCA2C /* LaunchScreen.storyboard */ = {
			isa = PBXVariantGroup;
			children = (
				D3E11B2C1E537E3800BDCA2C /* Base */,
			);
			name = LaunchScreen.storyboard;
			sourceTree = "<group>";
		};
/* End PBXVariantGroup section */

/* Begin XCBuildConfiguration section */
		D3E11B451E537E3900BDCA2C /* Debug */ = {
			isa = XCBuildConfiguration;
			buildSettings = {
				ALWAYS_SEARCH_USER_PATHS = NO;
				CLANG_ANALYZER_NONNULL = YES;
				CLANG_CXX_LANGUAGE_STANDARD = "gnu++0x";
				CLANG_CXX_LIBRARY = "libc++";
				CLANG_ENABLE_MODULES = YES;
				CLANG_ENABLE_OBJC_ARC = YES;
				CLANG_WARN_BOOL_CONVERSION = YES;
				CLANG_WARN_CONSTANT_CONVERSION = YES;
				CLANG_WARN_DIRECT_OBJC_ISA_USAGE = YES_ERROR;
				CLANG_WARN_DOCUMENTATION_COMMENTS = YES;
				CLANG_WARN_EMPTY_BODY = YES;
				CLANG_WARN_ENUM_CONVERSION = YES;
				CLANG_WARN_INFINITE_RECURSION = YES;
				CLANG_WARN_INT_CONVERSION = YES;
				CLANG_WARN_OBJC_ROOT_CLASS = YES_ERROR;
				CLANG_WARN_SUSPICIOUS_MOVE = YES;
				CLANG_WARN_UNREACHABLE_CODE = YES;
				CLANG_WARN__DUPLICATE_METHOD_MATCH = YES;
				"CODE_SIGN_IDENTITY[sdk=iphoneos*]" = "iPhone Developer";
				COPY_PHASE_STRIP = NO;
				DEBUG_INFORMATION_FORMAT = dwarf;
				ENABLE_STRICT_OBJC_MSGSEND = YES;
				ENABLE_TESTABILITY = YES;
				GCC_C_LANGUAGE_STANDARD = gnu99;
				GCC_DYNAMIC_NO_PIC = NO;
				GCC_NO_COMMON_BLOCKS = YES;
				GCC_OPTIMIZATION_LEVEL = 0;
				GCC_PREPROCESSOR_DEFINITIONS = (
					"DEBUG=1",
					"$(inherited)",
				);
				GCC_WARN_64_TO_32_BIT_CONVERSION = YES;
				GCC_WARN_ABOUT_RETURN_TYPE = YES_ERROR;
				GCC_WARN_UNDECLARED_SELECTOR = YES;
				GCC_WARN_UNINITIALIZED_AUTOS = YES_AGGRESSIVE;
				GCC_WARN_UNUSED_FUNCTION = YES;
				GCC_WARN_UNUSED_VARIABLE = YES;
				IPHONEOS_DEPLOYMENT_TARGET = 10.2;
				MTL_ENABLE_DEBUG_INFO = YES;
				ONLY_ACTIVE_ARCH = YES;
				SDKROOT = iphoneos;
				SWIFT_ACTIVE_COMPILATION_CONDITIONS = DEBUG;
				SWIFT_OPTIMIZATION_LEVEL = "-Onone";
			};
			name = Debug;
		};
		D3E11B461E537E3900BDCA2C /* Release */ = {
			isa = XCBuildConfiguration;
			buildSettings = {
				ALWAYS_SEARCH_USER_PATHS = NO;
				CLANG_ANALYZER_NONNULL = YES;
				CLANG_CXX_LANGUAGE_STANDARD = "gnu++0x";
				CLANG_CXX_LIBRARY = "libc++";
				CLANG_ENABLE_MODULES = YES;
				CLANG_ENABLE_OBJC_ARC = YES;
				CLANG_WARN_BOOL_CONVERSION = YES;
				CLANG_WARN_CONSTANT_CONVERSION = YES;
				CLANG_WARN_DIRECT_OBJC_ISA_USAGE = YES_ERROR;
				CLANG_WARN_DOCUMENTATION_COMMENTS = YES;
				CLANG_WARN_EMPTY_BODY = YES;
				CLANG_WARN_ENUM_CONVERSION = YES;
				CLANG_WARN_INFINITE_RECURSION = YES;
				CLANG_WARN_INT_CONVERSION = YES;
				CLANG_WARN_OBJC_ROOT_CLASS = YES_ERROR;
				CLANG_WARN_SUSPICIOUS_MOVE = YES;
				CLANG_WARN_UNREACHABLE_CODE = YES;
				CLANG_WARN__DUPLICATE_METHOD_MATCH = YES;
				"CODE_SIGN_IDENTITY[sdk=iphoneos*]" = "iPhone Developer";
				COPY_PHASE_STRIP = NO;
				DEBUG_INFORMATION_FORMAT = "dwarf-with-dsym";
				ENABLE_NS_ASSERTIONS = NO;
				ENABLE_STRICT_OBJC_MSGSEND = YES;
				GCC_C_LANGUAGE_STANDARD = gnu99;
				GCC_NO_COMMON_BLOCKS = YES;
				GCC_WARN_64_TO_32_BIT_CONVERSION = YES;
				GCC_WARN_ABOUT_RETURN_TYPE = YES_ERROR;
				GCC_WARN_UNDECLARED_SELECTOR = YES;
				GCC_WARN_UNINITIALIZED_AUTOS = YES_AGGRESSIVE;
				GCC_WARN_UNUSED_FUNCTION = YES;
				GCC_WARN_UNUSED_VARIABLE = YES;
				IPHONEOS_DEPLOYMENT_TARGET = 10.2;
				MTL_ENABLE_DEBUG_INFO = NO;
				SDKROOT = iphoneos;
				SWIFT_OPTIMIZATION_LEVEL = "-Owholemodule";
				VALIDATE_PRODUCT = YES;
			};
			name = Release;
		};
		D3E11B481E537E3900BDCA2C /* Debug */ = {
			isa = XCBuildConfiguration;
			buildSettings = {
				ASSETCATALOG_COMPILER_APPICON_NAME = AppIcon;
				INFOPLIST_FILE = Lesson08Lab04/Info.plist;
				LD_RUNPATH_SEARCH_PATHS = "$(inherited) @executable_path/Frameworks";
				PRODUCT_BUNDLE_IDENTIFIER = edu.wctc.Lesson08Lab04;
				PRODUCT_NAME = "$(TARGET_NAME)";
				SWIFT_VERSION = 3.0;
			};
			name = Debug;
		};
		D3E11B491E537E3900BDCA2C /* Release */ = {
			isa = XCBuildConfiguration;
			buildSettings = {
				ASSETCATALOG_COMPILER_APPICON_NAME = AppIcon;
				INFOPLIST_FILE = Lesson08Lab04/Info.plist;
				LD_RUNPATH_SEARCH_PATHS = "$(inherited) @executable_path/Frameworks";
				PRODUCT_BUNDLE_IDENTIFIER = edu.wctc.Lesson08Lab04;
				PRODUCT_NAME = "$(TARGET_NAME)";
				SWIFT_VERSION = 3.0;
			};
			name = Release;
		};
		D3E11B4B1E537E3900BDCA2C /* Debug */ = {
			isa = XCBuildConfiguration;
			buildSettings = {
				ALWAYS_EMBED_SWIFT_STANDARD_LIBRARIES = YES;
				BUNDLE_LOADER = "$(TEST_HOST)";
				INFOPLIST_FILE = Lesson08Lab04Tests/Info.plist;
				LD_RUNPATH_SEARCH_PATHS = "$(inherited) @executable_path/Frameworks @loader_path/Frameworks";
				PRODUCT_BUNDLE_IDENTIFIER = edu.wctc.Lesson08Lab04Tests;
				PRODUCT_NAME = "$(TARGET_NAME)";
				SWIFT_VERSION = 3.0;
				TEST_HOST = "$(BUILT_PRODUCTS_DIR)/Lesson08Lab04.app/Lesson08Lab04";
			};
			name = Debug;
		};
		D3E11B4C1E537E3900BDCA2C /* Release */ = {
			isa = XCBuildConfiguration;
			buildSettings = {
				ALWAYS_EMBED_SWIFT_STANDARD_LIBRARIES = YES;
				BUNDLE_LOADER = "$(TEST_HOST)";
				INFOPLIST_FILE = Lesson08Lab04Tests/Info.plist;
				LD_RUNPATH_SEARCH_PATHS = "$(inherited) @executable_path/Frameworks @loader_path/Frameworks";
				PRODUCT_BUNDLE_IDENTIFIER = edu.wctc.Lesson08Lab04Tests;
				PRODUCT_NAME = "$(TARGET_NAME)";
				SWIFT_VERSION = 3.0;
				TEST_HOST = "$(BUILT_PRODUCTS_DIR)/Lesson08Lab04.app/Lesson08Lab04";
			};
			name = Release;
		};
		D3E11B4E1E537E3900BDCA2C /* Debug */ = {
			isa = XCBuildConfiguration;
			buildSettings = {
				ALWAYS_EMBED_SWIFT_STANDARD_LIBRARIES = YES;
				INFOPLIST_FILE = Lesson08Lab04UITests/Info.plist;
				LD_RUNPATH_SEARCH_PATHS = "$(inherited) @executable_path/Frameworks @loader_path/Frameworks";
				PRODUCT_BUNDLE_IDENTIFIER = edu.wctc.Lesson08Lab04UITests;
				PRODUCT_NAME = "$(TARGET_NAME)";
				SWIFT_VERSION = 3.0;
				TEST_TARGET_NAME = Lesson08Lab04;
			};
			name = Debug;
		};
		D3E11B4F1E537E3900BDCA2C /* Release */ = {
			isa = XCBuildConfiguration;
			buildSettings = {
				ALWAYS_EMBED_SWIFT_STANDARD_LIBRARIES = YES;
				INFOPLIST_FILE = Lesson08Lab04UITests/Info.plist;
				LD_RUNPATH_SEARCH_PATHS = "$(inherited) @executable_path/Frameworks @loader_path/Frameworks";
				PRODUCT_BUNDLE_IDENTIFIER = edu.wctc.Lesson08Lab04UITests;
				PRODUCT_NAME = "$(TARGET_NAME)";
				SWIFT_VERSION = 3.0;
				TEST_TARGET_NAME = Lesson08Lab04;
			};
			name = Release;
		};
/* End XCBuildConfiguration section */

/* Begin XCConfigurationList section */
		D3E11B1A1E537E3800BDCA2C /* Build configuration list for PBXProject "Lesson08Lab04" */ = {
			isa = XCConfigurationList;
			buildConfigurations = (
				D3E11B451E537E3900BDCA2C /* Debug */,
				D3E11B461E537E3900BDCA2C /* Release */,
			);
			defaultConfigurationIsVisible = 0;
			defaultConfigurationName = Release;
		};
		D3E11B471E537E3900BDCA2C /* Build configuration list for PBXNativeTarget "Lesson08Lab04" */ = {
			isa = XCConfigurationList;
			buildConfigurations = (
				D3E11B481E537E3900BDCA2C /* Debug */,
				D3E11B491E537E3900BDCA2C /* Release */,
			);
			defaultConfigurationIsVisible = 0;
		};
		D3E11B4A1E537E3900BDCA2C /* Build configuration list for PBXNativeTarget "Lesson08Lab04Tests" */ = {
			isa = XCConfigurationList;
			buildConfigurations = (
				D3E11B4B1E537E3900BDCA2C /* Debug */,
				D3E11B4C1E537E3900BDCA2C /* Release */,
			);
			defaultConfigurationIsVisible = 0;
		};
		D3E11B4D1E537E3900BDCA2C /* Build configuration list for PBXNativeTarget "Lesson08Lab04UITests" */ = {
			isa = XCConfigurationList;
			buildConfigurations = (
				D3E11B4E1E537E3900BDCA2C /* Debug */,
				D3E11B4F1E537E3900BDCA2C /* Release */,
			);
			defaultConfigurationIsVisible = 0;
		};
/* End XCConfigurationList section */
	};
	rootObject = D3E11B171E537E3800BDCA2C /* Project object */;
}
